// !$*UTF8*$!
{
	archiveVersion = 1;
	classes = {
	};
	objectVersion = 46;
	objects = {

/* Begin PBXBuildFile section */
		1F166C8819A057850056C5EF /* person_small.png in Resources */ = {isa = PBXBuildFile; fileRef = 1F166C8019A057850056C5EF /* person_small.png */; };
		1F166C8919A057850056C5EF /* person_medium@2x.png in Resources */ = {isa = PBXBuildFile; fileRef = 1F166C8119A057850056C5EF /* person_medium@2x.png */; };
		1F166C8A19A057850056C5EF /* share.png in Resources */ = {isa = PBXBuildFile; fileRef = 1F166C8219A057850056C5EF /* share.png */; };
		1F166C8B19A057850056C5EF /* share@2x.png in Resources */ = {isa = PBXBuildFile; fileRef = 1F166C8319A057850056C5EF /* share@2x.png */; };
		1F166C8D19A057850056C5EF /* person_small@2x.png in Resources */ = {isa = PBXBuildFile; fileRef = 1F166C8519A057850056C5EF /* person_small@2x.png */; };
		1F166C8E19A057850056C5EF /* person_medium.png in Resources */ = {isa = PBXBuildFile; fileRef = 1F166C8619A057850056C5EF /* person_medium.png */; };
		1F166C9319A057B00056C5EF /* bg_welcome.png in Resources */ = {isa = PBXBuildFile; fileRef = 1F166C9019A057B00056C5EF /* bg_welcome.png */; };
		1F166C9419A057B00056C5EF /* bg_welcome-568h@2x.png in Resources */ = {isa = PBXBuildFile; fileRef = 1F166C9119A057B00056C5EF /* bg_welcome-568h@2x.png */; };
		1F166C9519A057B00056C5EF /* bg_welcome@2x.png in Resources */ = {isa = PBXBuildFile; fileRef = 1F166C9219A057B00056C5EF /* bg_welcome@2x.png */; };
		1F166C9A19A057D00056C5EF /* twitter_gray@2x.png in Resources */ = {isa = PBXBuildFile; fileRef = 1F166C9619A057D00056C5EF /* twitter_gray@2x.png */; };
		1F166C9B19A057D00056C5EF /* twitter_blue.png in Resources */ = {isa = PBXBuildFile; fileRef = 1F166C9719A057D00056C5EF /* twitter_blue.png */; };
		1F166C9C19A057D00056C5EF /* twitter_gray.png in Resources */ = {isa = PBXBuildFile; fileRef = 1F166C9819A057D00056C5EF /* twitter_gray.png */; };
		1F166C9D19A057D00056C5EF /* twitter_blue@2x.png in Resources */ = {isa = PBXBuildFile; fileRef = 1F166C9919A057D00056C5EF /* twitter_blue@2x.png */; };
		1F166CA219A057F50056C5EF /* person_tab@2x.png in Resources */ = {isa = PBXBuildFile; fileRef = 1F166C9E19A057F50056C5EF /* person_tab@2x.png */; };
		1F166CA319A057F50056C5EF /* person_tab.png in Resources */ = {isa = PBXBuildFile; fileRef = 1F166C9F19A057F50056C5EF /* person_tab.png */; };
		1F166CA419A057F50056C5EF /* edit_tab@2x.png in Resources */ = {isa = PBXBuildFile; fileRef = 1F166CA019A057F50056C5EF /* edit_tab@2x.png */; };
		1F166CA519A057F50056C5EF /* edit_tab.png in Resources */ = {isa = PBXBuildFile; fileRef = 1F166CA119A057F50056C5EF /* edit_tab.png */; };
		1F1A5044199B052E0041DE9A /* Settings.bundle in Resources */ = {isa = PBXBuildFile; fileRef = 1F1A5043199B052E0041DE9A /* Settings.bundle */; };
		1F1CB49F19C15F8B00DBA858 /* ProfileItemSettingViewController.m in Sources */ = {isa = PBXBuildFile; fileRef = 1F1CB49E19C15F8B00DBA858 /* ProfileItemSettingViewController.m */; };
		1F1F5CCD19C0241400D26FFF /* User.m in Sources */ = {isa = PBXBuildFile; fileRef = 1F1F5CCC19C0241400D26FFF /* User.m */; };
		1F2D4DB819CD671700B0A98E /* LaunchScreen.xib in Resources */ = {isa = PBXBuildFile; fileRef = 1F2D4DB719CD671700B0A98E /* LaunchScreen.xib */; };
		1F2D4DBC19CD672600B0A98E /* appIcon_launchScreen.png in Resources */ = {isa = PBXBuildFile; fileRef = 1F2D4DBA19CD672600B0A98E /* appIcon_launchScreen.png */; };
		1F2D4DBD19CD672600B0A98E /* appIcon_launchScreen@2x.png in Resources */ = {isa = PBXBuildFile; fileRef = 1F2D4DBB19CD672600B0A98E /* appIcon_launchScreen@2x.png */; };
		1F3541EE19BD8ABF006A6D01 /* dot_lightGray.png in Resources */ = {isa = PBXBuildFile; fileRef = 1F3541EC19BD8ABF006A6D01 /* dot_lightGray.png */; };
		1F3541EF19BD8ABF006A6D01 /* dot_lightGray@2x.png in Resources */ = {isa = PBXBuildFile; fileRef = 1F3541ED19BD8ABF006A6D01 /* dot_lightGray@2x.png */; };
		1F3541F219BD8D5B006A6D01 /* UserListViewController.m in Sources */ = {isa = PBXBuildFile; fileRef = 1F3541F019BD8D5B006A6D01 /* UserListViewController.m */; };
		1F3541F519BD93AB006A6D01 /* AllUserListViewController.m in Sources */ = {isa = PBXBuildFile; fileRef = 1F3541F419BD93AB006A6D01 /* AllUserListViewController.m */; };
		1F3541F819BDA458006A6D01 /* gear@2x.png in Resources */ = {isa = PBXBuildFile; fileRef = 1F3541F619BDA458006A6D01 /* gear@2x.png */; };
		1F3541F919BDA458006A6D01 /* gear.png in Resources */ = {isa = PBXBuildFile; fileRef = 1F3541F719BDA458006A6D01 /* gear.png */; };
		1F3541FE19BDA8AF006A6D01 /* person_check.png in Resources */ = {isa = PBXBuildFile; fileRef = 1F3541FA19BDA8AF006A6D01 /* person_check.png */; };
		1F3541FF19BDA8AF006A6D01 /* person_check@2x.png in Resources */ = {isa = PBXBuildFile; fileRef = 1F3541FB19BDA8AF006A6D01 /* person_check@2x.png */; };
		1F35420019BDA8AF006A6D01 /* person_add@2x.png in Resources */ = {isa = PBXBuildFile; fileRef = 1F3541FC19BDA8AF006A6D01 /* person_add@2x.png */; };
		1F35420119BDA8AF006A6D01 /* person_add.png in Resources */ = {isa = PBXBuildFile; fileRef = 1F3541FD19BDA8AF006A6D01 /* person_add.png */; };
		1F35420419BDB211006A6D01 /* LVUtility.m in Sources */ = {isa = PBXBuildFile; fileRef = 1F35420319BDB211006A6D01 /* LVUtility.m */; };
		1F388E7219C92DF10094D90F /* EmptyView.xib in Resources */ = {isa = PBXBuildFile; fileRef = 1F388E7119C92DF10094D90F /* EmptyView.xib */; };
		1F388E7519C9324C0094D90F /* EmptyView.m in Sources */ = {isa = PBXBuildFile; fileRef = 1F388E7419C9324C0094D90F /* EmptyView.m */; };
		1F3C6E4619C1495E003EA252 /* ProfileSettingViewController.m in Sources */ = {isa = PBXBuildFile; fileRef = 1F3C6E4519C1495E003EA252 /* ProfileSettingViewController.m */; };
		1F3CFB8719BA9E3E001E71E2 /* NSString+Additions.m in Sources */ = {isa = PBXBuildFile; fileRef = 1F3CFB8619BA9E3E001E71E2 /* NSString+Additions.m */; };
		1F3E5B4419BEDF6E005ED84C /* AnswerTimelineViewController.m in Sources */ = {isa = PBXBuildFile; fileRef = 1F3E5B4219BEDF6E005ED84C /* AnswerTimelineViewController.m */; };
		1F3E5B4B19BEE0E8005ED84C /* home_tab@2x.png in Resources */ = {isa = PBXBuildFile; fileRef = 1F3E5B4919BEE0E8005ED84C /* home_tab@2x.png */; };
		1F3E5B4C19BEE0E8005ED84C /* home_tab.png in Resources */ = {isa = PBXBuildFile; fileRef = 1F3E5B4A19BEE0E8005ED84C /* home_tab.png */; };
		1F415B6219C6E07900168CB1 /* person_add_nav@2x.png in Resources */ = {isa = PBXBuildFile; fileRef = 1F415B6019C6E07900168CB1 /* person_add_nav@2x.png */; };
		1F415B6319C6E07900168CB1 /* person_add_nav.png in Resources */ = {isa = PBXBuildFile; fileRef = 1F415B6119C6E07900168CB1 /* person_add_nav.png */; };
		1F4D791419C51EBD008AA5D6 /* FindUserViewController.m in Sources */ = {isa = PBXBuildFile; fileRef = 1F4D791319C51EBD008AA5D6 /* FindUserViewController.m */; };
		1F4D791719C56879008AA5D6 /* UserCell.m in Sources */ = {isa = PBXBuildFile; fileRef = 1F4D791619C56879008AA5D6 /* UserCell.m */; };
		1F74CC85194465D70008D14B /* LVTimeFormatter.m in Sources */ = {isa = PBXBuildFile; fileRef = 1F74CC84194465D70008D14B /* LVTimeFormatter.m */; };
		1F8142C719CEC1E500ACFDB3 /* libAdapterNend.a in Frameworks */ = {isa = PBXBuildFile; fileRef = 1F8142BF19CEC1E500ACFDB3 /* libAdapterNend.a */; };
		1F8142C819CEC1E600ACFDB3 /* libNendAd.a in Frameworks */ = {isa = PBXBuildFile; fileRef = 1F8142C019CEC1E500ACFDB3 /* libNendAd.a */; };
		1F8142C919CEC1E600ACFDB3 /* NADView_readme.txt in Resources */ = {isa = PBXBuildFile; fileRef = 1F8142C619CEC1E500ACFDB3 /* NADView_readme.txt */; };
		1F83B8DD191A2B6D004CD869 /* EditAnswerViewController.m in Sources */ = {isa = PBXBuildFile; fileRef = 1F83B8DC191A2B6D004CD869 /* EditAnswerViewController.m */; };
		1F8AE4461992371D00237F3E /* LVAnalyticsManager.m in Sources */ = {isa = PBXBuildFile; fileRef = 1F8AE4451992371D00237F3E /* LVAnalyticsManager.m */; };
		1F8AE44919925AF700237F3E /* Crashlytics.framework in Frameworks */ = {isa = PBXBuildFile; fileRef = 1F8AE44819925AF700237F3E /* Crashlytics.framework */; };
		1FB62CB4191B8B210039D69D /* ProfileViewController.m in Sources */ = {isa = PBXBuildFile; fileRef = 1FB62CB3191B8B210039D69D /* ProfileViewController.m */; };
		1FB6F0E0197E643200B09E19 /* LVShareKitTwitter.m in Sources */ = {isa = PBXBuildFile; fileRef = 1FB6F0DF197E643200B09E19 /* LVShareKitTwitter.m */; };
		1FB851EC191F127800433E5F /* LVConstants.m in Sources */ = {isa = PBXBuildFile; fileRef = 1FB851EB191F127800433E5F /* LVConstants.m */; };
		1FB8FCD51976058E00F6A89B /* Accounts.framework in Frameworks */ = {isa = PBXBuildFile; fileRef = 1FB8FCD41976058E00F6A89B /* Accounts.framework */; };
		1FB8FCD7197605C000F6A89B /* Social.framework in Frameworks */ = {isa = PBXBuildFile; fileRef = 1FB8FCD6197605C000F6A89B /* Social.framework */; };
		1FBA552219595E3D000BC39D /* FirstViewController.m in Sources */ = {isa = PBXBuildFile; fileRef = 1FBA552119595E3D000BC39D /* FirstViewController.m */; };
		1FBA552519596074000BC39D /* WelcomeViewController.m in Sources */ = {isa = PBXBuildFile; fileRef = 1FBA552419596074000BC39D /* WelcomeViewController.m */; };
		1FBB62AD1935E6C5001281F9 /* UIImage+Resize.m in Sources */ = {isa = PBXBuildFile; fileRef = 1FBB62AC1935E6C5001281F9 /* UIImage+Resize.m */; };
		1FC25785194D901F0002B02F /* LVTouchableLabel.m in Sources */ = {isa = PBXBuildFile; fileRef = 1FC25784194D901F0002B02F /* LVTouchableLabel.m */; };
		1FC2F081195E59FC008A8E58 /* SignUpViewController.m in Sources */ = {isa = PBXBuildFile; fileRef = 1FC2F080195E59FC008A8E58 /* SignUpViewController.m */; };
		1FC2F087195E69E2008A8E58 /* LVEditableCell.m in Sources */ = {isa = PBXBuildFile; fileRef = 1FC2F086195E69E2008A8E58 /* LVEditableCell.m */; };
		1FC2F7801985533700E152DA /* Main.storyboard in Resources */ = {isa = PBXBuildFile; fileRef = 1FC2F77F1985533700E152DA /* Main.storyboard */; };
		1FC4399C190CA3E400D4F3D1 /* Parse.framework in Frameworks */ = {isa = PBXBuildFile; fileRef = 1FC4399B190CA3E400D4F3D1 /* Parse.framework */; };
		1FC4399E190CA45100D4F3D1 /* AudioToolbox.framework in Frameworks */ = {isa = PBXBuildFile; fileRef = 1FC4399D190CA45100D4F3D1 /* AudioToolbox.framework */; };
		1FC439A0190CA45700D4F3D1 /* CFNetwork.framework in Frameworks */ = {isa = PBXBuildFile; fileRef = 1FC4399F190CA45700D4F3D1 /* CFNetwork.framework */; };
		1FC439A2190CA46E00D4F3D1 /* CoreLocation.framework in Frameworks */ = {isa = PBXBuildFile; fileRef = 1FC439A1190CA46E00D4F3D1 /* CoreLocation.framework */; };
		1FC439A4190CA47E00D4F3D1 /* libz.dylib in Frameworks */ = {isa = PBXBuildFile; fileRef = 1FC439A3190CA47E00D4F3D1 /* libz.dylib */; };
		1FC439A6190CA48700D4F3D1 /* MobileCoreServices.framework in Frameworks */ = {isa = PBXBuildFile; fileRef = 1FC439A5190CA48700D4F3D1 /* MobileCoreServices.framework */; };
		1FC439A8190CA48D00D4F3D1 /* QuartzCore.framework in Frameworks */ = {isa = PBXBuildFile; fileRef = 1FC439A7190CA48D00D4F3D1 /* QuartzCore.framework */; };
		1FC439AA190CA49700D4F3D1 /* Security.framework in Frameworks */ = {isa = PBXBuildFile; fileRef = 1FC439A9190CA49700D4F3D1 /* Security.framework */; };
		1FC439AE190CA4AB00D4F3D1 /* SystemConfiguration.framework in Frameworks */ = {isa = PBXBuildFile; fileRef = 1FC439AD190CA4AB00D4F3D1 /* SystemConfiguration.framework */; };
		1FC523551936CADF0060D1BB /* PFRoundedImageView.m in Sources */ = {isa = PBXBuildFile; fileRef = 1FC523541936CADF0060D1BB /* PFRoundedImageView.m */; };
		1FC7121919124561004F9E2A /* Localizable.strings in Resources */ = {isa = PBXBuildFile; fileRef = 1FC7121B19124561004F9E2A /* Localizable.strings */; };
		1FC712221912496E004F9E2A /* RecommendQuestionViewController.m in Sources */ = {isa = PBXBuildFile; fileRef = 1FC712211912496E004F9E2A /* RecommendQuestionViewController.m */; };
		1FC8822C194FF07400A896B9 /* UIColor+ColorWithHex.m in Sources */ = {isa = PBXBuildFile; fileRef = 1FC8822B194FF07400A896B9 /* UIColor+ColorWithHex.m */; };
		1FC8822F195029F100A896B9 /* LVBorderButton.m in Sources */ = {isa = PBXBuildFile; fileRef = 1FC8822E195029F100A896B9 /* LVBorderButton.m */; };
		1FC8E2331934917500DB7D5A /* LVPlaceholderTextView.m in Sources */ = {isa = PBXBuildFile; fileRef = 1FC8E2321934917500DB7D5A /* LVPlaceholderTextView.m */; };
		1FCCA8B4190BE96300B4E3B7 /* Foundation.framework in Frameworks */ = {isa = PBXBuildFile; fileRef = 1FCCA8B3190BE96300B4E3B7 /* Foundation.framework */; };
		1FCCA8B6190BE96300B4E3B7 /* CoreGraphics.framework in Frameworks */ = {isa = PBXBuildFile; fileRef = 1FCCA8B5190BE96300B4E3B7 /* CoreGraphics.framework */; };
		1FCCA8B8190BE96300B4E3B7 /* UIKit.framework in Frameworks */ = {isa = PBXBuildFile; fileRef = 1FCCA8B7190BE96300B4E3B7 /* UIKit.framework */; };
		1FCCA8C0190BE96600B4E3B7 /* InfoPlist.strings in Resources */ = {isa = PBXBuildFile; fileRef = 1FCCA8BE190BE96600B4E3B7 /* InfoPlist.strings */; };
		1FCCA8C2190BE96600B4E3B7 /* main.m in Sources */ = {isa = PBXBuildFile; fileRef = 1FCCA8C1190BE96600B4E3B7 /* main.m */; };
		1FCCA8C6190BE96900B4E3B7 /* AppDelegate.m in Sources */ = {isa = PBXBuildFile; fileRef = 1FCCA8C5190BE96900B4E3B7 /* AppDelegate.m */; };
		1FCCA8D4190BE97A00B4E3B7 /* Images.xcassets in Resources */ = {isa = PBXBuildFile; fileRef = 1FCCA8D3190BE97A00B4E3B7 /* Images.xcassets */; };
		1FCCA8DB190BE97B00B4E3B7 /* XCTest.framework in Frameworks */ = {isa = PBXBuildFile; fileRef = 1FCCA8DA190BE97B00B4E3B7 /* XCTest.framework */; };
		1FCCA8DC190BE97B00B4E3B7 /* Foundation.framework in Frameworks */ = {isa = PBXBuildFile; fileRef = 1FCCA8B3190BE96300B4E3B7 /* Foundation.framework */; };
		1FCCA8DD190BE97B00B4E3B7 /* UIKit.framework in Frameworks */ = {isa = PBXBuildFile; fileRef = 1FCCA8B7190BE96300B4E3B7 /* UIKit.framework */; };
		1FCCA8DE190BE97B00B4E3B7 /* CoreData.framework in Frameworks */ = {isa = PBXBuildFile; fileRef = 1FCCA8B9190BE96300B4E3B7 /* CoreData.framework */; };
		1FCCA8E6190BE97B00B4E3B7 /* InfoPlist.strings in Resources */ = {isa = PBXBuildFile; fileRef = 1FCCA8E4190BE97B00B4E3B7 /* InfoPlist.strings */; };
		1FCCA8E8190BE97B00B4E3B7 /* SuperProfileTests.m in Sources */ = {isa = PBXBuildFile; fileRef = 1FCCA8E7190BE97B00B4E3B7 /* SuperProfileTests.m */; };
		1FCCB5E6194436F8007183D3 /* AnswerCell.m in Sources */ = {isa = PBXBuildFile; fileRef = 1FCCB5E5194436F8007183D3 /* AnswerCell.m */; };
		1FD0D2F71978C15600DAD982 /* SettingViewController.m in Sources */ = {isa = PBXBuildFile; fileRef = 1FD0D2F61978C15600DAD982 /* SettingViewController.m */; };
		1FD16596195690F300C9049A /* AdSupport.framework in Frameworks */ = {isa = PBXBuildFile; fileRef = 1FD16595195690F300C9049A /* AdSupport.framework */; };
		1FD165A11956931300C9049A /* ImageIO.framework in Frameworks */ = {isa = PBXBuildFile; fileRef = 1FD165A01956931300C9049A /* ImageIO.framework */; };
		1FD2B1D7197F9E33002B846A /* Question.m in Sources */ = {isa = PBXBuildFile; fileRef = 1FD2B1D6197F9E33002B846A /* Question.m */; };
		1FD2B1DA197FE551002B846A /* Answer.m in Sources */ = {isa = PBXBuildFile; fileRef = 1FD2B1D9197FE551002B846A /* Answer.m */; };
		1FD3C7A419132E7E00700B83 /* EditQuestionViewController.m in Sources */ = {isa = PBXBuildFile; fileRef = 1FD3C7A319132E7E00700B83 /* EditQuestionViewController.m */; };
		1FDA9905197D38000062405F /* ShareSettingViewController.m in Sources */ = {isa = PBXBuildFile; fileRef = 1FDA9904197D38000062405F /* ShareSettingViewController.m */; };
		1FDF79EC19610E8E0017901C /* LogInViewController.m in Sources */ = {isa = PBXBuildFile; fileRef = 1FDF79EB19610E8E0017901C /* LogInViewController.m */; };
		210C5D8E7BB54F47A94CBDBD /* libPods.a in Frameworks */ = {isa = PBXBuildFile; fileRef = B53BA30D517B4AA9A22C9DC0 /* libPods.a */; };
/* End PBXBuildFile section */

/* Begin PBXContainerItemProxy section */
		1FCCA8DF190BE97B00B4E3B7 /* PBXContainerItemProxy */ = {
			isa = PBXContainerItemProxy;
			containerPortal = 1FCCA8A8190BE95D00B4E3B7 /* Project object */;
			proxyType = 1;
			remoteGlobalIDString = 1FCCA8AF190BE96200B4E3B7;
			remoteInfo = SuperProfile;
		};
/* End PBXContainerItemProxy section */

/* Begin PBXFileReference section */
		1616678DB55E409AB7B11754 /* Pods.xcconfig */ = {isa = PBXFileReference; includeInIndex = 1; lastKnownFileType = text.xcconfig; name = Pods.xcconfig; path = Pods/Pods.xcconfig; sourceTree = "<group>"; };
		1F166C8019A057850056C5EF /* person_small.png */ = {isa = PBXFileReference; lastKnownFileType = image.png; path = person_small.png; sourceTree = "<group>"; };
		1F166C8119A057850056C5EF /* person_medium@2x.png */ = {isa = PBXFileReference; lastKnownFileType = image.png; path = "person_medium@2x.png"; sourceTree = "<group>"; };
		1F166C8219A057850056C5EF /* share.png */ = {isa = PBXFileReference; lastKnownFileType = image.png; path = share.png; sourceTree = "<group>"; };
		1F166C8319A057850056C5EF /* share@2x.png */ = {isa = PBXFileReference; lastKnownFileType = image.png; path = "share@2x.png"; sourceTree = "<group>"; };
		1F166C8519A057850056C5EF /* person_small@2x.png */ = {isa = PBXFileReference; lastKnownFileType = image.png; path = "person_small@2x.png"; sourceTree = "<group>"; };
		1F166C8619A057850056C5EF /* person_medium.png */ = {isa = PBXFileReference; lastKnownFileType = image.png; path = person_medium.png; sourceTree = "<group>"; };
		1F166C9019A057B00056C5EF /* bg_welcome.png */ = {isa = PBXFileReference; lastKnownFileType = image.png; path = bg_welcome.png; sourceTree = "<group>"; };
		1F166C9119A057B00056C5EF /* bg_welcome-568h@2x.png */ = {isa = PBXFileReference; lastKnownFileType = image.png; path = "bg_welcome-568h@2x.png"; sourceTree = "<group>"; };
		1F166C9219A057B00056C5EF /* bg_welcome@2x.png */ = {isa = PBXFileReference; lastKnownFileType = image.png; path = "bg_welcome@2x.png"; sourceTree = "<group>"; };
		1F166C9619A057D00056C5EF /* twitter_gray@2x.png */ = {isa = PBXFileReference; lastKnownFileType = image.png; path = "twitter_gray@2x.png"; sourceTree = "<group>"; };
		1F166C9719A057D00056C5EF /* twitter_blue.png */ = {isa = PBXFileReference; lastKnownFileType = image.png; path = twitter_blue.png; sourceTree = "<group>"; };
		1F166C9819A057D00056C5EF /* twitter_gray.png */ = {isa = PBXFileReference; lastKnownFileType = image.png; path = twitter_gray.png; sourceTree = "<group>"; };
		1F166C9919A057D00056C5EF /* twitter_blue@2x.png */ = {isa = PBXFileReference; lastKnownFileType = image.png; path = "twitter_blue@2x.png"; sourceTree = "<group>"; };
		1F166C9E19A057F50056C5EF /* person_tab@2x.png */ = {isa = PBXFileReference; lastKnownFileType = image.png; path = "person_tab@2x.png"; sourceTree = "<group>"; };
		1F166C9F19A057F50056C5EF /* person_tab.png */ = {isa = PBXFileReference; lastKnownFileType = image.png; path = person_tab.png; sourceTree = "<group>"; };
		1F166CA019A057F50056C5EF /* edit_tab@2x.png */ = {isa = PBXFileReference; lastKnownFileType = image.png; path = "edit_tab@2x.png"; sourceTree = "<group>"; };
		1F166CA119A057F50056C5EF /* edit_tab.png */ = {isa = PBXFileReference; lastKnownFileType = image.png; path = edit_tab.png; sourceTree = "<group>"; };
		1F1A5043199B052E0041DE9A /* Settings.bundle */ = {isa = PBXFileReference; lastKnownFileType = "wrapper.plug-in"; path = Settings.bundle; sourceTree = "<group>"; };
		1F1CB49D19C15F8B00DBA858 /* ProfileItemSettingViewController.h */ = {isa = PBXFileReference; fileEncoding = 4; lastKnownFileType = sourcecode.c.h; path = ProfileItemSettingViewController.h; sourceTree = "<group>"; };
		1F1CB49E19C15F8B00DBA858 /* ProfileItemSettingViewController.m */ = {isa = PBXFileReference; fileEncoding = 4; lastKnownFileType = sourcecode.c.objc; path = ProfileItemSettingViewController.m; sourceTree = "<group>"; };
		1F1F5CCB19C0241400D26FFF /* User.h */ = {isa = PBXFileReference; fileEncoding = 4; lastKnownFileType = sourcecode.c.h; path = User.h; sourceTree = "<group>"; };
		1F1F5CCC19C0241400D26FFF /* User.m */ = {isa = PBXFileReference; fileEncoding = 4; lastKnownFileType = sourcecode.c.objc; path = User.m; sourceTree = "<group>"; };
		1F2D4DB719CD671700B0A98E /* LaunchScreen.xib */ = {isa = PBXFileReference; fileEncoding = 4; lastKnownFileType = file.xib; path = LaunchScreen.xib; sourceTree = "<group>"; };
		1F2D4DBA19CD672600B0A98E /* appIcon_launchScreen.png */ = {isa = PBXFileReference; lastKnownFileType = image.png; path = appIcon_launchScreen.png; sourceTree = "<group>"; };
		1F2D4DBB19CD672600B0A98E /* appIcon_launchScreen@2x.png */ = {isa = PBXFileReference; lastKnownFileType = image.png; path = "appIcon_launchScreen@2x.png"; sourceTree = "<group>"; };
		1F3541EC19BD8ABF006A6D01 /* dot_lightGray.png */ = {isa = PBXFileReference; lastKnownFileType = image.png; path = dot_lightGray.png; sourceTree = "<group>"; };
		1F3541ED19BD8ABF006A6D01 /* dot_lightGray@2x.png */ = {isa = PBXFileReference; lastKnownFileType = image.png; path = "dot_lightGray@2x.png"; sourceTree = "<group>"; };
		1F3541F019BD8D5B006A6D01 /* UserListViewController.m */ = {isa = PBXFileReference; fileEncoding = 4; lastKnownFileType = sourcecode.c.objc; path = UserListViewController.m; sourceTree = "<group>"; };
		1F3541F119BD8D5B006A6D01 /* UserListViewController.h */ = {isa = PBXFileReference; fileEncoding = 4; lastKnownFileType = sourcecode.c.h; path = UserListViewController.h; sourceTree = "<group>"; };
		1F3541F319BD93AB006A6D01 /* AllUserListViewController.h */ = {isa = PBXFileReference; fileEncoding = 4; lastKnownFileType = sourcecode.c.h; path = AllUserListViewController.h; sourceTree = "<group>"; };
		1F3541F419BD93AB006A6D01 /* AllUserListViewController.m */ = {isa = PBXFileReference; fileEncoding = 4; lastKnownFileType = sourcecode.c.objc; path = AllUserListViewController.m; sourceTree = "<group>"; };
		1F3541F619BDA458006A6D01 /* gear@2x.png */ = {isa = PBXFileReference; lastKnownFileType = image.png; path = "gear@2x.png"; sourceTree = "<group>"; };
		1F3541F719BDA458006A6D01 /* gear.png */ = {isa = PBXFileReference; lastKnownFileType = image.png; path = gear.png; sourceTree = "<group>"; };
		1F3541FA19BDA8AF006A6D01 /* person_check.png */ = {isa = PBXFileReference; lastKnownFileType = image.png; path = person_check.png; sourceTree = "<group>"; };
		1F3541FB19BDA8AF006A6D01 /* person_check@2x.png */ = {isa = PBXFileReference; lastKnownFileType = image.png; path = "person_check@2x.png"; sourceTree = "<group>"; };
		1F3541FC19BDA8AF006A6D01 /* person_add@2x.png */ = {isa = PBXFileReference; lastKnownFileType = image.png; path = "person_add@2x.png"; sourceTree = "<group>"; };
		1F3541FD19BDA8AF006A6D01 /* person_add.png */ = {isa = PBXFileReference; lastKnownFileType = image.png; path = person_add.png; sourceTree = "<group>"; };
		1F35420219BDB211006A6D01 /* LVUtility.h */ = {isa = PBXFileReference; fileEncoding = 4; lastKnownFileType = sourcecode.c.h; path = LVUtility.h; sourceTree = "<group>"; };
		1F35420319BDB211006A6D01 /* LVUtility.m */ = {isa = PBXFileReference; fileEncoding = 4; lastKnownFileType = sourcecode.c.objc; path = LVUtility.m; sourceTree = "<group>"; };
		1F388E7119C92DF10094D90F /* EmptyView.xib */ = {isa = PBXFileReference; fileEncoding = 4; lastKnownFileType = file.xib; path = EmptyView.xib; sourceTree = "<group>"; };
		1F388E7319C9324C0094D90F /* EmptyView.h */ = {isa = PBXFileReference; fileEncoding = 4; lastKnownFileType = sourcecode.c.h; path = EmptyView.h; sourceTree = "<group>"; };
		1F388E7419C9324C0094D90F /* EmptyView.m */ = {isa = PBXFileReference; fileEncoding = 4; lastKnownFileType = sourcecode.c.objc; path = EmptyView.m; sourceTree = "<group>"; };
		1F3C6E4419C1495E003EA252 /* ProfileSettingViewController.h */ = {isa = PBXFileReference; fileEncoding = 4; lastKnownFileType = sourcecode.c.h; path = ProfileSettingViewController.h; sourceTree = "<group>"; };
		1F3C6E4519C1495E003EA252 /* ProfileSettingViewController.m */ = {isa = PBXFileReference; fileEncoding = 4; lastKnownFileType = sourcecode.c.objc; path = ProfileSettingViewController.m; sourceTree = "<group>"; };
		1F3CFB8519BA9E3E001E71E2 /* NSString+Additions.h */ = {isa = PBXFileReference; fileEncoding = 4; lastKnownFileType = sourcecode.c.h; path = "NSString+Additions.h"; sourceTree = "<group>"; };
		1F3CFB8619BA9E3E001E71E2 /* NSString+Additions.m */ = {isa = PBXFileReference; fileEncoding = 4; lastKnownFileType = sourcecode.c.objc; path = "NSString+Additions.m"; sourceTree = "<group>"; };
		1F3E5B4219BEDF6E005ED84C /* AnswerTimelineViewController.m */ = {isa = PBXFileReference; fileEncoding = 4; lastKnownFileType = sourcecode.c.objc; path = AnswerTimelineViewController.m; sourceTree = "<group>"; };
		1F3E5B4319BEDF6E005ED84C /* AnswerTimelineViewController.h */ = {isa = PBXFileReference; fileEncoding = 4; lastKnownFileType = sourcecode.c.h; path = AnswerTimelineViewController.h; sourceTree = "<group>"; };
		1F3E5B4919BEE0E8005ED84C /* home_tab@2x.png */ = {isa = PBXFileReference; lastKnownFileType = image.png; path = "home_tab@2x.png"; sourceTree = "<group>"; };
		1F3E5B4A19BEE0E8005ED84C /* home_tab.png */ = {isa = PBXFileReference; lastKnownFileType = image.png; path = home_tab.png; sourceTree = "<group>"; };
		1F415B6019C6E07900168CB1 /* person_add_nav@2x.png */ = {isa = PBXFileReference; lastKnownFileType = image.png; path = "person_add_nav@2x.png"; sourceTree = "<group>"; };
		1F415B6119C6E07900168CB1 /* person_add_nav.png */ = {isa = PBXFileReference; lastKnownFileType = image.png; path = person_add_nav.png; sourceTree = "<group>"; };
		1F4D791219C51EBD008AA5D6 /* FindUserViewController.h */ = {isa = PBXFileReference; fileEncoding = 4; lastKnownFileType = sourcecode.c.h; path = FindUserViewController.h; sourceTree = "<group>"; };
		1F4D791319C51EBD008AA5D6 /* FindUserViewController.m */ = {isa = PBXFileReference; fileEncoding = 4; lastKnownFileType = sourcecode.c.objc; path = FindUserViewController.m; sourceTree = "<group>"; };
		1F4D791519C56879008AA5D6 /* UserCell.h */ = {isa = PBXFileReference; fileEncoding = 4; lastKnownFileType = sourcecode.c.h; path = UserCell.h; sourceTree = "<group>"; };
		1F4D791619C56879008AA5D6 /* UserCell.m */ = {isa = PBXFileReference; fileEncoding = 4; lastKnownFileType = sourcecode.c.objc; path = UserCell.m; sourceTree = "<group>"; };
		1F74CC83194465D70008D14B /* LVTimeFormatter.h */ = {isa = PBXFileReference; fileEncoding = 4; lastKnownFileType = sourcecode.c.h; path = LVTimeFormatter.h; sourceTree = "<group>"; };
		1F74CC84194465D70008D14B /* LVTimeFormatter.m */ = {isa = PBXFileReference; fileEncoding = 4; lastKnownFileType = sourcecode.c.objc; path = LVTimeFormatter.m; sourceTree = "<group>"; };
		1F8142BF19CEC1E500ACFDB3 /* libAdapterNend.a */ = {isa = PBXFileReference; lastKnownFileType = archive.ar; path = libAdapterNend.a; sourceTree = "<group>"; };
		1F8142C019CEC1E500ACFDB3 /* libNendAd.a */ = {isa = PBXFileReference; lastKnownFileType = archive.ar; path = libNendAd.a; sourceTree = "<group>"; };
		1F8142C119CEC1E500ACFDB3 /* NADIconArrayView.h */ = {isa = PBXFileReference; fileEncoding = 4; lastKnownFileType = sourcecode.c.h; path = NADIconArrayView.h; sourceTree = "<group>"; };
		1F8142C219CEC1E500ACFDB3 /* NADIconLoader.h */ = {isa = PBXFileReference; fileEncoding = 4; lastKnownFileType = sourcecode.c.h; path = NADIconLoader.h; sourceTree = "<group>"; };
		1F8142C319CEC1E500ACFDB3 /* NADIconView.h */ = {isa = PBXFileReference; fileEncoding = 4; lastKnownFileType = sourcecode.c.h; path = NADIconView.h; sourceTree = "<group>"; };
		1F8142C419CEC1E500ACFDB3 /* NADInterstitial.h */ = {isa = PBXFileReference; fileEncoding = 4; lastKnownFileType = sourcecode.c.h; path = NADInterstitial.h; sourceTree = "<group>"; };
		1F8142C519CEC1E500ACFDB3 /* NADView.h */ = {isa = PBXFileReference; fileEncoding = 4; lastKnownFileType = sourcecode.c.h; path = NADView.h; sourceTree = "<group>"; };
		1F8142C619CEC1E500ACFDB3 /* NADView_readme.txt */ = {isa = PBXFileReference; fileEncoding = 4; lastKnownFileType = text; path = NADView_readme.txt; sourceTree = "<group>"; };
		1F83B8DB191A2B6D004CD869 /* EditAnswerViewController.h */ = {isa = PBXFileReference; fileEncoding = 4; lastKnownFileType = sourcecode.c.h; path = EditAnswerViewController.h; sourceTree = "<group>"; };
		1F83B8DC191A2B6D004CD869 /* EditAnswerViewController.m */ = {isa = PBXFileReference; fileEncoding = 4; lastKnownFileType = sourcecode.c.objc; path = EditAnswerViewController.m; sourceTree = "<group>"; };
		1F8AE4441992371D00237F3E /* LVAnalyticsManager.h */ = {isa = PBXFileReference; fileEncoding = 4; lastKnownFileType = sourcecode.c.h; path = LVAnalyticsManager.h; sourceTree = "<group>"; };
		1F8AE4451992371D00237F3E /* LVAnalyticsManager.m */ = {isa = PBXFileReference; fileEncoding = 4; lastKnownFileType = sourcecode.c.objc; path = LVAnalyticsManager.m; sourceTree = "<group>"; };
		1F8AE44819925AF700237F3E /* Crashlytics.framework */ = {isa = PBXFileReference; lastKnownFileType = wrapper.framework; path = Crashlytics.framework; sourceTree = "<group>"; };
		1FB62CB2191B8B210039D69D /* ProfileViewController.h */ = {isa = PBXFileReference; fileEncoding = 4; lastKnownFileType = sourcecode.c.h; path = ProfileViewController.h; sourceTree = "<group>"; };
		1FB62CB3191B8B210039D69D /* ProfileViewController.m */ = {isa = PBXFileReference; fileEncoding = 4; lastKnownFileType = sourcecode.c.objc; path = ProfileViewController.m; sourceTree = "<group>"; };
		1FB6F0DE197E643200B09E19 /* LVShareKitTwitter.h */ = {isa = PBXFileReference; fileEncoding = 4; lastKnownFileType = sourcecode.c.h; path = LVShareKitTwitter.h; sourceTree = "<group>"; };
		1FB6F0DF197E643200B09E19 /* LVShareKitTwitter.m */ = {isa = PBXFileReference; fileEncoding = 4; lastKnownFileType = sourcecode.c.objc; path = LVShareKitTwitter.m; sourceTree = "<group>"; };
		1FB851EA191F127800433E5F /* LVConstants.h */ = {isa = PBXFileReference; fileEncoding = 4; lastKnownFileType = sourcecode.c.h; path = LVConstants.h; sourceTree = "<group>"; };
		1FB851EB191F127800433E5F /* LVConstants.m */ = {isa = PBXFileReference; fileEncoding = 4; lastKnownFileType = sourcecode.c.objc; path = LVConstants.m; sourceTree = "<group>"; };
		1FB8FCD41976058E00F6A89B /* Accounts.framework */ = {isa = PBXFileReference; lastKnownFileType = wrapper.framework; name = Accounts.framework; path = System/Library/Frameworks/Accounts.framework; sourceTree = SDKROOT; };
		1FB8FCD6197605C000F6A89B /* Social.framework */ = {isa = PBXFileReference; lastKnownFileType = wrapper.framework; name = Social.framework; path = System/Library/Frameworks/Social.framework; sourceTree = SDKROOT; };
		1FBA552019595E3D000BC39D /* FirstViewController.h */ = {isa = PBXFileReference; fileEncoding = 4; lastKnownFileType = sourcecode.c.h; path = FirstViewController.h; sourceTree = "<group>"; };
		1FBA552119595E3D000BC39D /* FirstViewController.m */ = {isa = PBXFileReference; fileEncoding = 4; lastKnownFileType = sourcecode.c.objc; path = FirstViewController.m; sourceTree = "<group>"; };
		1FBA552319596074000BC39D /* WelcomeViewController.h */ = {isa = PBXFileReference; fileEncoding = 4; lastKnownFileType = sourcecode.c.h; path = WelcomeViewController.h; sourceTree = "<group>"; };
		1FBA552419596074000BC39D /* WelcomeViewController.m */ = {isa = PBXFileReference; fileEncoding = 4; lastKnownFileType = sourcecode.c.objc; path = WelcomeViewController.m; sourceTree = "<group>"; };
		1FBB62AB1935E6C5001281F9 /* UIImage+Resize.h */ = {isa = PBXFileReference; fileEncoding = 4; lastKnownFileType = sourcecode.c.h; path = "UIImage+Resize.h"; sourceTree = "<group>"; };
		1FBB62AC1935E6C5001281F9 /* UIImage+Resize.m */ = {isa = PBXFileReference; fileEncoding = 4; lastKnownFileType = sourcecode.c.objc; path = "UIImage+Resize.m"; sourceTree = "<group>"; };
		1FC25783194D901F0002B02F /* LVTouchableLabel.h */ = {isa = PBXFileReference; fileEncoding = 4; lastKnownFileType = sourcecode.c.h; path = LVTouchableLabel.h; sourceTree = "<group>"; };
		1FC25784194D901F0002B02F /* LVTouchableLabel.m */ = {isa = PBXFileReference; fileEncoding = 4; lastKnownFileType = sourcecode.c.objc; path = LVTouchableLabel.m; sourceTree = "<group>"; };
		1FC2F07F195E59FC008A8E58 /* SignUpViewController.h */ = {isa = PBXFileReference; fileEncoding = 4; lastKnownFileType = sourcecode.c.h; path = SignUpViewController.h; sourceTree = "<group>"; };
		1FC2F080195E59FC008A8E58 /* SignUpViewController.m */ = {isa = PBXFileReference; fileEncoding = 4; lastKnownFileType = sourcecode.c.objc; path = SignUpViewController.m; sourceTree = "<group>"; };
		1FC2F085195E69E2008A8E58 /* LVEditableCell.h */ = {isa = PBXFileReference; fileEncoding = 4; lastKnownFileType = sourcecode.c.h; path = LVEditableCell.h; sourceTree = "<group>"; };
		1FC2F086195E69E2008A8E58 /* LVEditableCell.m */ = {isa = PBXFileReference; fileEncoding = 4; lastKnownFileType = sourcecode.c.objc; path = LVEditableCell.m; sourceTree = "<group>"; };
		1FC2F77F1985533700E152DA /* Main.storyboard */ = {isa = PBXFileReference; fileEncoding = 4; lastKnownFileType = file.storyboard; path = Main.storyboard; sourceTree = "<group>"; };
		1FC4399B190CA3E400D4F3D1 /* Parse.framework */ = {isa = PBXFileReference; lastKnownFileType = wrapper.framework; path = Parse.framework; sourceTree = "<group>"; };
		1FC4399D190CA45100D4F3D1 /* AudioToolbox.framework */ = {isa = PBXFileReference; lastKnownFileType = wrapper.framework; name = AudioToolbox.framework; path = System/Library/Frameworks/AudioToolbox.framework; sourceTree = SDKROOT; };
		1FC4399F190CA45700D4F3D1 /* CFNetwork.framework */ = {isa = PBXFileReference; lastKnownFileType = wrapper.framework; name = CFNetwork.framework; path = System/Library/Frameworks/CFNetwork.framework; sourceTree = SDKROOT; };
		1FC439A1190CA46E00D4F3D1 /* CoreLocation.framework */ = {isa = PBXFileReference; lastKnownFileType = wrapper.framework; name = CoreLocation.framework; path = System/Library/Frameworks/CoreLocation.framework; sourceTree = SDKROOT; };
		1FC439A3190CA47E00D4F3D1 /* libz.dylib */ = {isa = PBXFileReference; lastKnownFileType = "compiled.mach-o.dylib"; name = libz.dylib; path = usr/lib/libz.dylib; sourceTree = SDKROOT; };
		1FC439A5190CA48700D4F3D1 /* MobileCoreServices.framework */ = {isa = PBXFileReference; lastKnownFileType = wrapper.framework; name = MobileCoreServices.framework; path = System/Library/Frameworks/MobileCoreServices.framework; sourceTree = SDKROOT; };
		1FC439A7190CA48D00D4F3D1 /* QuartzCore.framework */ = {isa = PBXFileReference; lastKnownFileType = wrapper.framework; name = QuartzCore.framework; path = System/Library/Frameworks/QuartzCore.framework; sourceTree = SDKROOT; };
		1FC439A9190CA49700D4F3D1 /* Security.framework */ = {isa = PBXFileReference; lastKnownFileType = wrapper.framework; name = Security.framework; path = System/Library/Frameworks/Security.framework; sourceTree = SDKROOT; };
		1FC439AD190CA4AB00D4F3D1 /* SystemConfiguration.framework */ = {isa = PBXFileReference; lastKnownFileType = wrapper.framework; name = SystemConfiguration.framework; path = System/Library/Frameworks/SystemConfiguration.framework; sourceTree = SDKROOT; };
		1FC523531936CADE0060D1BB /* PFRoundedImageView.h */ = {isa = PBXFileReference; fileEncoding = 4; lastKnownFileType = sourcecode.c.h; path = PFRoundedImageView.h; sourceTree = "<group>"; };
		1FC523541936CADF0060D1BB /* PFRoundedImageView.m */ = {isa = PBXFileReference; fileEncoding = 4; lastKnownFileType = sourcecode.c.objc; path = PFRoundedImageView.m; sourceTree = "<group>"; };
		1FC7121E19124686004F9E2A /* en */ = {isa = PBXFileReference; lastKnownFileType = text.plist.strings; name = en; path = en.lproj/Localizable.strings; sourceTree = "<group>"; };
		1FC7121F191246A1004F9E2A /* ja */ = {isa = PBXFileReference; lastKnownFileType = text.plist.strings; name = ja; path = ja.lproj/Localizable.strings; sourceTree = "<group>"; };
		1FC712201912496E004F9E2A /* RecommendQuestionViewController.h */ = {isa = PBXFileReference; fileEncoding = 4; lastKnownFileType = sourcecode.c.h; path = RecommendQuestionViewController.h; sourceTree = "<group>"; };
		1FC712211912496E004F9E2A /* RecommendQuestionViewController.m */ = {isa = PBXFileReference; fileEncoding = 4; lastKnownFileType = sourcecode.c.objc; path = RecommendQuestionViewController.m; sourceTree = "<group>"; };
		1FC8822A194FF07400A896B9 /* UIColor+ColorWithHex.h */ = {isa = PBXFileReference; fileEncoding = 4; lastKnownFileType = sourcecode.c.h; path = "UIColor+ColorWithHex.h"; sourceTree = "<group>"; };
		1FC8822B194FF07400A896B9 /* UIColor+ColorWithHex.m */ = {isa = PBXFileReference; fileEncoding = 4; lastKnownFileType = sourcecode.c.objc; path = "UIColor+ColorWithHex.m"; sourceTree = "<group>"; };
		1FC8822D195029F100A896B9 /* LVBorderButton.h */ = {isa = PBXFileReference; fileEncoding = 4; lastKnownFileType = sourcecode.c.h; path = LVBorderButton.h; sourceTree = "<group>"; };
		1FC8822E195029F100A896B9 /* LVBorderButton.m */ = {isa = PBXFileReference; fileEncoding = 4; lastKnownFileType = sourcecode.c.objc; path = LVBorderButton.m; sourceTree = "<group>"; };
		1FC8E2311934917500DB7D5A /* LVPlaceholderTextView.h */ = {isa = PBXFileReference; fileEncoding = 4; lastKnownFileType = sourcecode.c.h; path = LVPlaceholderTextView.h; sourceTree = "<group>"; };
		1FC8E2321934917500DB7D5A /* LVPlaceholderTextView.m */ = {isa = PBXFileReference; fileEncoding = 4; lastKnownFileType = sourcecode.c.objc; path = LVPlaceholderTextView.m; sourceTree = "<group>"; };
		1FCCA8B0190BE96300B4E3B7 /* Profie.app */ = {isa = PBXFileReference; explicitFileType = wrapper.application; includeInIndex = 0; path = Profie.app; sourceTree = BUILT_PRODUCTS_DIR; };
		1FCCA8B3190BE96300B4E3B7 /* Foundation.framework */ = {isa = PBXFileReference; lastKnownFileType = wrapper.framework; name = Foundation.framework; path = System/Library/Frameworks/Foundation.framework; sourceTree = SDKROOT; };
		1FCCA8B5190BE96300B4E3B7 /* CoreGraphics.framework */ = {isa = PBXFileReference; lastKnownFileType = wrapper.framework; name = CoreGraphics.framework; path = System/Library/Frameworks/CoreGraphics.framework; sourceTree = SDKROOT; };
		1FCCA8B7190BE96300B4E3B7 /* UIKit.framework */ = {isa = PBXFileReference; lastKnownFileType = wrapper.framework; name = UIKit.framework; path = System/Library/Frameworks/UIKit.framework; sourceTree = SDKROOT; };
		1FCCA8B9190BE96300B4E3B7 /* CoreData.framework */ = {isa = PBXFileReference; lastKnownFileType = wrapper.framework; name = CoreData.framework; path = System/Library/Frameworks/CoreData.framework; sourceTree = SDKROOT; };
		1FCCA8BD190BE96600B4E3B7 /* Profie-Info.plist */ = {isa = PBXFileReference; lastKnownFileType = text.plist.xml; path = "Profie-Info.plist"; sourceTree = "<group>"; };
		1FCCA8BF190BE96600B4E3B7 /* en */ = {isa = PBXFileReference; lastKnownFileType = text.plist.strings; name = en; path = en.lproj/InfoPlist.strings; sourceTree = "<group>"; };
		1FCCA8C1190BE96600B4E3B7 /* main.m */ = {isa = PBXFileReference; lastKnownFileType = sourcecode.c.objc; path = main.m; sourceTree = "<group>"; };
		1FCCA8C3190BE96600B4E3B7 /* Profie-Prefix.pch */ = {isa = PBXFileReference; lastKnownFileType = sourcecode.c.h; path = "Profie-Prefix.pch"; sourceTree = "<group>"; };
		1FCCA8C4190BE96700B4E3B7 /* AppDelegate.h */ = {isa = PBXFileReference; lastKnownFileType = sourcecode.c.h; path = AppDelegate.h; sourceTree = "<group>"; };
		1FCCA8C5190BE96900B4E3B7 /* AppDelegate.m */ = {isa = PBXFileReference; lastKnownFileType = sourcecode.c.objc; path = AppDelegate.m; sourceTree = "<group>"; };
		1FCCA8D3190BE97A00B4E3B7 /* Images.xcassets */ = {isa = PBXFileReference; lastKnownFileType = folder.assetcatalog; path = Images.xcassets; sourceTree = "<group>"; };
		1FCCA8D9190BE97B00B4E3B7 /* ProfieTests.xctest */ = {isa = PBXFileReference; explicitFileType = wrapper.cfbundle; includeInIndex = 0; path = ProfieTests.xctest; sourceTree = BUILT_PRODUCTS_DIR; };
		1FCCA8DA190BE97B00B4E3B7 /* XCTest.framework */ = {isa = PBXFileReference; lastKnownFileType = wrapper.framework; name = XCTest.framework; path = Library/Frameworks/XCTest.framework; sourceTree = DEVELOPER_DIR; };
		1FCCA8E3190BE97B00B4E3B7 /* ProfieTests-Info.plist */ = {isa = PBXFileReference; lastKnownFileType = text.plist.xml; path = "ProfieTests-Info.plist"; sourceTree = "<group>"; };
		1FCCA8E5190BE97B00B4E3B7 /* en */ = {isa = PBXFileReference; lastKnownFileType = text.plist.strings; name = en; path = en.lproj/InfoPlist.strings; sourceTree = "<group>"; };
		1FCCA8E7190BE97B00B4E3B7 /* SuperProfileTests.m */ = {isa = PBXFileReference; lastKnownFileType = sourcecode.c.objc; path = SuperProfileTests.m; sourceTree = "<group>"; };
		1FCCB5E4194436F8007183D3 /* AnswerCell.h */ = {isa = PBXFileReference; fileEncoding = 4; lastKnownFileType = sourcecode.c.h; path = AnswerCell.h; sourceTree = "<group>"; };
		1FCCB5E5194436F8007183D3 /* AnswerCell.m */ = {isa = PBXFileReference; fileEncoding = 4; lastKnownFileType = sourcecode.c.objc; path = AnswerCell.m; sourceTree = "<group>"; };
		1FD0D2F51978C15600DAD982 /* SettingViewController.h */ = {isa = PBXFileReference; fileEncoding = 4; lastKnownFileType = sourcecode.c.h; path = SettingViewController.h; sourceTree = "<group>"; };
		1FD0D2F61978C15600DAD982 /* SettingViewController.m */ = {isa = PBXFileReference; fileEncoding = 4; lastKnownFileType = sourcecode.c.objc; path = SettingViewController.m; sourceTree = "<group>"; };
		1FD16595195690F300C9049A /* AdSupport.framework */ = {isa = PBXFileReference; lastKnownFileType = wrapper.framework; name = AdSupport.framework; path = System/Library/Frameworks/AdSupport.framework; sourceTree = SDKROOT; };
		1FD165A01956931300C9049A /* ImageIO.framework */ = {isa = PBXFileReference; lastKnownFileType = wrapper.framework; name = ImageIO.framework; path = System/Library/Frameworks/ImageIO.framework; sourceTree = SDKROOT; };
		1FD2B1D5197F9E33002B846A /* Question.h */ = {isa = PBXFileReference; fileEncoding = 4; lastKnownFileType = sourcecode.c.h; path = Question.h; sourceTree = "<group>"; };
		1FD2B1D6197F9E33002B846A /* Question.m */ = {isa = PBXFileReference; fileEncoding = 4; lastKnownFileType = sourcecode.c.objc; path = Question.m; sourceTree = "<group>"; };
		1FD2B1D8197FE551002B846A /* Answer.h */ = {isa = PBXFileReference; fileEncoding = 4; lastKnownFileType = sourcecode.c.h; path = Answer.h; sourceTree = "<group>"; };
		1FD2B1D9197FE551002B846A /* Answer.m */ = {isa = PBXFileReference; fileEncoding = 4; lastKnownFileType = sourcecode.c.objc; path = Answer.m; sourceTree = "<group>"; };
		1FD3C7A219132E7E00700B83 /* EditQuestionViewController.h */ = {isa = PBXFileReference; fileEncoding = 4; lastKnownFileType = sourcecode.c.h; path = EditQuestionViewController.h; sourceTree = "<group>"; };
		1FD3C7A319132E7E00700B83 /* EditQuestionViewController.m */ = {isa = PBXFileReference; fileEncoding = 4; lastKnownFileType = sourcecode.c.objc; path = EditQuestionViewController.m; sourceTree = "<group>"; };
		1FDA9903197D38000062405F /* ShareSettingViewController.h */ = {isa = PBXFileReference; fileEncoding = 4; lastKnownFileType = sourcecode.c.h; path = ShareSettingViewController.h; sourceTree = "<group>"; };
		1FDA9904197D38000062405F /* ShareSettingViewController.m */ = {isa = PBXFileReference; fileEncoding = 4; lastKnownFileType = sourcecode.c.objc; path = ShareSettingViewController.m; sourceTree = "<group>"; };
		1FDF79EA19610E8E0017901C /* LogInViewController.h */ = {isa = PBXFileReference; fileEncoding = 4; lastKnownFileType = sourcecode.c.h; path = LogInViewController.h; sourceTree = "<group>"; };
		1FDF79EB19610E8E0017901C /* LogInViewController.m */ = {isa = PBXFileReference; fileEncoding = 4; lastKnownFileType = sourcecode.c.objc; path = LogInViewController.m; sourceTree = "<group>"; };
		B53BA30D517B4AA9A22C9DC0 /* libPods.a */ = {isa = PBXFileReference; explicitFileType = archive.ar; includeInIndex = 0; path = libPods.a; sourceTree = BUILT_PRODUCTS_DIR; };
/* End PBXFileReference section */

/* Begin PBXFrameworksBuildPhase section */
		1FCCA8AD190BE96200B4E3B7 /* Frameworks */ = {
			isa = PBXFrameworksBuildPhase;
			buildActionMask = 2147483647;
			files = (
				1FB8FCD7197605C000F6A89B /* Social.framework in Frameworks */,
				1FB8FCD51976058E00F6A89B /* Accounts.framework in Frameworks */,
				1FD165A11956931300C9049A /* ImageIO.framework in Frameworks */,
				1FD16596195690F300C9049A /* AdSupport.framework in Frameworks */,
				1FC439AE190CA4AB00D4F3D1 /* SystemConfiguration.framework in Frameworks */,
				1FC439AA190CA49700D4F3D1 /* Security.framework in Frameworks */,
				1F8AE44919925AF700237F3E /* Crashlytics.framework in Frameworks */,
				1F8142C819CEC1E600ACFDB3 /* libNendAd.a in Frameworks */,
				1FC439A8190CA48D00D4F3D1 /* QuartzCore.framework in Frameworks */,
				1FC439A6190CA48700D4F3D1 /* MobileCoreServices.framework in Frameworks */,
				1FC439A4190CA47E00D4F3D1 /* libz.dylib in Frameworks */,
				1FC439A2190CA46E00D4F3D1 /* CoreLocation.framework in Frameworks */,
				1F8142C719CEC1E500ACFDB3 /* libAdapterNend.a in Frameworks */,
				1FCCA8B6190BE96300B4E3B7 /* CoreGraphics.framework in Frameworks */,
				1FC439A0190CA45700D4F3D1 /* CFNetwork.framework in Frameworks */,
				1FC4399E190CA45100D4F3D1 /* AudioToolbox.framework in Frameworks */,
				1FCCA8B8190BE96300B4E3B7 /* UIKit.framework in Frameworks */,
				1FCCA8B4190BE96300B4E3B7 /* Foundation.framework in Frameworks */,
				1FC4399C190CA3E400D4F3D1 /* Parse.framework in Frameworks */,
				210C5D8E7BB54F47A94CBDBD /* libPods.a in Frameworks */,
			);
			runOnlyForDeploymentPostprocessing = 0;
		};
		1FCCA8D6190BE97B00B4E3B7 /* Frameworks */ = {
			isa = PBXFrameworksBuildPhase;
			buildActionMask = 2147483647;
			files = (
				1FCCA8DB190BE97B00B4E3B7 /* XCTest.framework in Frameworks */,
				1FCCA8DE190BE97B00B4E3B7 /* CoreData.framework in Frameworks */,
				1FCCA8DD190BE97B00B4E3B7 /* UIKit.framework in Frameworks */,
				1FCCA8DC190BE97B00B4E3B7 /* Foundation.framework in Frameworks */,
			);
			runOnlyForDeploymentPostprocessing = 0;
		};
/* End PBXFrameworksBuildPhase section */

/* Begin PBXGroup section */
		1F166C7B19A0570F0056C5EF /* Images */ = {
			isa = PBXGroup;
			children = (
				1FCCA8D3190BE97A00B4E3B7 /* Images.xcassets */,
				1F2D4DB719CD671700B0A98E /* LaunchScreen.xib */,
				1F2D4DB919CD671C00B0A98E /* LaunchImage */,
				1F166C7F19A0572C0056C5EF /* WelcomeView */,
				1F166C7E19A057260056C5EF /* Twitter */,
				1F166C7D19A057200056C5EF /* TabBar */,
				1F166C7C19A057180056C5EF /* ProfileView */,
			);
			name = Images;
			sourceTree = "<group>";
		};
		1F166C7C19A057180056C5EF /* ProfileView */ = {
			isa = PBXGroup;
			children = (
				1F166C8019A057850056C5EF /* person_small.png */,
				1F166C8119A057850056C5EF /* person_medium@2x.png */,
				1F166C8219A057850056C5EF /* share.png */,
				1F166C8319A057850056C5EF /* share@2x.png */,
				1F3541F619BDA458006A6D01 /* gear@2x.png */,
				1F3541F719BDA458006A6D01 /* gear.png */,
				1F166C8519A057850056C5EF /* person_small@2x.png */,
				1F166C8619A057850056C5EF /* person_medium.png */,
				1F3541EC19BD8ABF006A6D01 /* dot_lightGray.png */,
				1F3541ED19BD8ABF006A6D01 /* dot_lightGray@2x.png */,
				1F3541FB19BDA8AF006A6D01 /* person_check@2x.png */,
				1F3541FA19BDA8AF006A6D01 /* person_check.png */,
				1F3541FC19BDA8AF006A6D01 /* person_add@2x.png */,
				1F3541FD19BDA8AF006A6D01 /* person_add.png */,
				1F415B6019C6E07900168CB1 /* person_add_nav@2x.png */,
				1F415B6119C6E07900168CB1 /* person_add_nav.png */,
			);
			name = ProfileView;
			sourceTree = "<group>";
		};
		1F166C7D19A057200056C5EF /* TabBar */ = {
			isa = PBXGroup;
			children = (
				1F3E5B4919BEE0E8005ED84C /* home_tab@2x.png */,
				1F3E5B4A19BEE0E8005ED84C /* home_tab.png */,
				1F166C9E19A057F50056C5EF /* person_tab@2x.png */,
				1F166C9F19A057F50056C5EF /* person_tab.png */,
				1F166CA019A057F50056C5EF /* edit_tab@2x.png */,
				1F166CA119A057F50056C5EF /* edit_tab.png */,
			);
			name = TabBar;
			sourceTree = "<group>";
		};
		1F166C7E19A057260056C5EF /* Twitter */ = {
			isa = PBXGroup;
			children = (
				1F166C9619A057D00056C5EF /* twitter_gray@2x.png */,
				1F166C9719A057D00056C5EF /* twitter_blue.png */,
				1F166C9819A057D00056C5EF /* twitter_gray.png */,
				1F166C9919A057D00056C5EF /* twitter_blue@2x.png */,
			);
			name = Twitter;
			sourceTree = "<group>";
		};
		1F166C7F19A0572C0056C5EF /* WelcomeView */ = {
			isa = PBXGroup;
			children = (
				1F166C9019A057B00056C5EF /* bg_welcome.png */,
				1F166C9119A057B00056C5EF /* bg_welcome-568h@2x.png */,
				1F166C9219A057B00056C5EF /* bg_welcome@2x.png */,
			);
			name = WelcomeView;
			sourceTree = "<group>";
		};
		1F2D4DB919CD671C00B0A98E /* LaunchImage */ = {
			isa = PBXGroup;
			children = (
				1F2D4DBA19CD672600B0A98E /* appIcon_launchScreen.png */,
				1F2D4DBB19CD672600B0A98E /* appIcon_launchScreen@2x.png */,
			);
			name = LaunchImage;
			sourceTree = "<group>";
		};
		1F388E7619C932530094D90F /* EmptyView */ = {
			isa = PBXGroup;
			children = (
				1F388E7319C9324C0094D90F /* EmptyView.h */,
				1F388E7419C9324C0094D90F /* EmptyView.m */,
				1F388E7119C92DF10094D90F /* EmptyView.xib */,
			);
			name = EmptyView;
			sourceTree = "<group>";
		};
		1F3C6E4719C14ADC003EA252 /* Setting */ = {
			isa = PBXGroup;
			children = (
				1FD0D2F51978C15600DAD982 /* SettingViewController.h */,
				1FD0D2F61978C15600DAD982 /* SettingViewController.m */,
				1F3C6E4419C1495E003EA252 /* ProfileSettingViewController.h */,
				1F3C6E4519C1495E003EA252 /* ProfileSettingViewController.m */,
				1F1CB49D19C15F8B00DBA858 /* ProfileItemSettingViewController.h */,
				1F1CB49E19C15F8B00DBA858 /* ProfileItemSettingViewController.m */,
				1FDA9903197D38000062405F /* ShareSettingViewController.h */,
				1FDA9904197D38000062405F /* ShareSettingViewController.m */,
			);
			name = Setting;
			sourceTree = "<group>";
		};
		1F3E5B4119BEDF2C005ED84C /* TimelineTab */ = {
			isa = PBXGroup;
			children = (
				1F3E5B4319BEDF6E005ED84C /* AnswerTimelineViewController.h */,
				1F3E5B4219BEDF6E005ED84C /* AnswerTimelineViewController.m */,
			);
			name = TimelineTab;
			sourceTree = "<group>";
		};
		1F8142BE19CEC1E500ACFDB3 /* NendAd */ = {
			isa = PBXGroup;
			children = (
				1F8142BF19CEC1E500ACFDB3 /* libAdapterNend.a */,
				1F8142C019CEC1E500ACFDB3 /* libNendAd.a */,
				1F8142C119CEC1E500ACFDB3 /* NADIconArrayView.h */,
				1F8142C219CEC1E500ACFDB3 /* NADIconLoader.h */,
				1F8142C319CEC1E500ACFDB3 /* NADIconView.h */,
				1F8142C419CEC1E500ACFDB3 /* NADInterstitial.h */,
				1F8142C519CEC1E500ACFDB3 /* NADView.h */,
				1F8142C619CEC1E500ACFDB3 /* NADView_readme.txt */,
			);
			path = NendAd;
			sourceTree = "<group>";
		};
		1FB778BB1915219F00DA89B9 /* CommonClass */ = {
			isa = PBXGroup;
			children = (
				1FCCB5E3194436AB007183D3 /* UITableViewCell */,
				1F388E7619C932530094D90F /* EmptyView */,
				1FC523531936CADE0060D1BB /* PFRoundedImageView.h */,
				1FC523541936CADF0060D1BB /* PFRoundedImageView.m */,
				1FC25783194D901F0002B02F /* LVTouchableLabel.h */,
				1FC25784194D901F0002B02F /* LVTouchableLabel.m */,
				1FC8822D195029F100A896B9 /* LVBorderButton.h */,
				1FC8822E195029F100A896B9 /* LVBorderButton.m */,
				1FC8822A194FF07400A896B9 /* UIColor+ColorWithHex.h */,
				1FC8822B194FF07400A896B9 /* UIColor+ColorWithHex.m */,
				1FBB62AB1935E6C5001281F9 /* UIImage+Resize.h */,
				1FBB62AC1935E6C5001281F9 /* UIImage+Resize.m */,
				1FC8E2311934917500DB7D5A /* LVPlaceholderTextView.h */,
				1FC8E2321934917500DB7D5A /* LVPlaceholderTextView.m */,
				1F74CC83194465D70008D14B /* LVTimeFormatter.h */,
				1F74CC84194465D70008D14B /* LVTimeFormatter.m */,
				1FB6F0DE197E643200B09E19 /* LVShareKitTwitter.h */,
				1FB6F0DF197E643200B09E19 /* LVShareKitTwitter.m */,
				1F8AE4441992371D00237F3E /* LVAnalyticsManager.h */,
				1F8AE4451992371D00237F3E /* LVAnalyticsManager.m */,
				1F3CFB8519BA9E3E001E71E2 /* NSString+Additions.h */,
				1F3CFB8619BA9E3E001E71E2 /* NSString+Additions.m */,
			);
			name = CommonClass;
			sourceTree = "<group>";
		};
		1FC2F07E195E59CD008A8E58 /* Welcome */ = {
			isa = PBXGroup;
			children = (
				1FBA552019595E3D000BC39D /* FirstViewController.h */,
				1FBA552119595E3D000BC39D /* FirstViewController.m */,
				1FBA552319596074000BC39D /* WelcomeViewController.h */,
				1FBA552419596074000BC39D /* WelcomeViewController.m */,
				1FC2F07F195E59FC008A8E58 /* SignUpViewController.h */,
				1FC2F080195E59FC008A8E58 /* SignUpViewController.m */,
				1FDF79EA19610E8E0017901C /* LogInViewController.h */,
				1FDF79EB19610E8E0017901C /* LogInViewController.m */,
			);
			name = Welcome;
			sourceTree = "<group>";
		};
		1FC52356193712D50060D1BB /* CommonView */ = {
			isa = PBXGroup;
			children = (
				1FD3C7A219132E7E00700B83 /* EditQuestionViewController.h */,
				1FD3C7A319132E7E00700B83 /* EditQuestionViewController.m */,
				1F83B8DB191A2B6D004CD869 /* EditAnswerViewController.h */,
				1F83B8DC191A2B6D004CD869 /* EditAnswerViewController.m */,
				1F4D791219C51EBD008AA5D6 /* FindUserViewController.h */,
				1F4D791319C51EBD008AA5D6 /* FindUserViewController.m */,
			);
			name = CommonView;
			sourceTree = "<group>";
		};
		1FC71216191243AD004F9E2A /* Resources */ = {
			isa = PBXGroup;
			children = (
				1F166C7B19A0570F0056C5EF /* Images */,
				1FC7121B19124561004F9E2A /* Localizable.strings */,
			);
			name = Resources;
			sourceTree = "<group>";
		};
		1FC7122519124A38004F9E2A /* ViewControllers */ = {
			isa = PBXGroup;
			children = (
				1FC52356193712D50060D1BB /* CommonView */,
				1FC2F07E195E59CD008A8E58 /* Welcome */,
				1F3E5B4119BEDF2C005ED84C /* TimelineTab */,
				1FC84525193310AA00909231 /* RecommendQuestionTab */,
				1FC845241933108F00909231 /* ProfileViewTab */,
			);
			name = ViewControllers;
			sourceTree = "<group>";
		};
		1FC845241933108F00909231 /* ProfileViewTab */ = {
			isa = PBXGroup;
			children = (
				1FB62CB2191B8B210039D69D /* ProfileViewController.h */,
				1FB62CB3191B8B210039D69D /* ProfileViewController.m */,
				1F3541F119BD8D5B006A6D01 /* UserListViewController.h */,
				1F3541F019BD8D5B006A6D01 /* UserListViewController.m */,
				1F3541F319BD93AB006A6D01 /* AllUserListViewController.h */,
				1F3541F419BD93AB006A6D01 /* AllUserListViewController.m */,
				1F3C6E4719C14ADC003EA252 /* Setting */,
			);
			name = ProfileViewTab;
			sourceTree = "<group>";
		};
		1FC84525193310AA00909231 /* RecommendQuestionTab */ = {
			isa = PBXGroup;
			children = (
				1FC712201912496E004F9E2A /* RecommendQuestionViewController.h */,
				1FC712211912496E004F9E2A /* RecommendQuestionViewController.m */,
			);
			name = RecommendQuestionTab;
			sourceTree = "<group>";
		};
		1FCCA8A7190BE95C00B4E3B7 = {
			isa = PBXGroup;
			children = (
				1FCCA8BB190BE96300B4E3B7 /* Profie */,
				1FCCA8E1190BE97B00B4E3B7 /* ProfieTests */,
				1FCCA8B2190BE96300B4E3B7 /* Frameworks */,
				1FCCA8B1190BE96300B4E3B7 /* Products */,
				1616678DB55E409AB7B11754 /* Pods.xcconfig */,
			);
			sourceTree = "<group>";
		};
		1FCCA8B1190BE96300B4E3B7 /* Products */ = {
			isa = PBXGroup;
			children = (
				1FCCA8B0190BE96300B4E3B7 /* Profie.app */,
				1FCCA8D9190BE97B00B4E3B7 /* ProfieTests.xctest */,
			);
			name = Products;
			sourceTree = "<group>";
		};
		1FCCA8B2190BE96300B4E3B7 /* Frameworks */ = {
			isa = PBXGroup;
			children = (
				1F8142BE19CEC1E500ACFDB3 /* NendAd */,
				1F8AE44819925AF700237F3E /* Crashlytics.framework */,
				1FB8FCD6197605C000F6A89B /* Social.framework */,
				1FB8FCD41976058E00F6A89B /* Accounts.framework */,
				1FD165A01956931300C9049A /* ImageIO.framework */,
				1FD16595195690F300C9049A /* AdSupport.framework */,
				1FC439AD190CA4AB00D4F3D1 /* SystemConfiguration.framework */,
				1FC439A9190CA49700D4F3D1 /* Security.framework */,
				1FC439A7190CA48D00D4F3D1 /* QuartzCore.framework */,
				1FC439A5190CA48700D4F3D1 /* MobileCoreServices.framework */,
				1FC439A3190CA47E00D4F3D1 /* libz.dylib */,
				1FC439A1190CA46E00D4F3D1 /* CoreLocation.framework */,
				1FC4399F190CA45700D4F3D1 /* CFNetwork.framework */,
				1FC4399D190CA45100D4F3D1 /* AudioToolbox.framework */,
				1FC4399B190CA3E400D4F3D1 /* Parse.framework */,
				1FCCA8B3190BE96300B4E3B7 /* Foundation.framework */,
				1FCCA8B5190BE96300B4E3B7 /* CoreGraphics.framework */,
				1FCCA8B7190BE96300B4E3B7 /* UIKit.framework */,
				1FCCA8B9190BE96300B4E3B7 /* CoreData.framework */,
				1FCCA8DA190BE97B00B4E3B7 /* XCTest.framework */,
				B53BA30D517B4AA9A22C9DC0 /* libPods.a */,
			);
			name = Frameworks;
			sourceTree = "<group>";
		};
		1FCCA8BB190BE96300B4E3B7 /* Profie */ = {
			isa = PBXGroup;
			children = (
				1FCCA8C4190BE96700B4E3B7 /* AppDelegate.h */,
				1FCCA8C5190BE96900B4E3B7 /* AppDelegate.m */,
				1FC2F77F1985533700E152DA /* Main.storyboard */,
				1FB778BB1915219F00DA89B9 /* CommonClass */,
				1FC7122519124A38004F9E2A /* ViewControllers */,
				1FD2B1D4197F9E10002B846A /* Model */,
				1FCCA8BC190BE96500B4E3B7 /* Supporting Files */,
				1FC71216191243AD004F9E2A /* Resources */,
			);
			path = Profie;
			sourceTree = "<group>";
		};
		1FCCA8BC190BE96500B4E3B7 /* Supporting Files */ = {
			isa = PBXGroup;
			children = (
				1FCCA8BD190BE96600B4E3B7 /* Profie-Info.plist */,
				1FCCA8BE190BE96600B4E3B7 /* InfoPlist.strings */,
				1FB851EA191F127800433E5F /* LVConstants.h */,
				1FB851EB191F127800433E5F /* LVConstants.m */,
				1F35420219BDB211006A6D01 /* LVUtility.h */,
				1F35420319BDB211006A6D01 /* LVUtility.m */,
				1FCCA8C1190BE96600B4E3B7 /* main.m */,
				1FCCA8C3190BE96600B4E3B7 /* Profie-Prefix.pch */,
				1F1A5043199B052E0041DE9A /* Settings.bundle */,
			);
			name = "Supporting Files";
			sourceTree = "<group>";
		};
		1FCCA8E1190BE97B00B4E3B7 /* ProfieTests */ = {
			isa = PBXGroup;
			children = (
				1FCCA8E7190BE97B00B4E3B7 /* SuperProfileTests.m */,
				1FCCA8E2190BE97B00B4E3B7 /* Supporting Files */,
			);
			path = ProfieTests;
			sourceTree = "<group>";
		};
		1FCCA8E2190BE97B00B4E3B7 /* Supporting Files */ = {
			isa = PBXGroup;
			children = (
				1FCCA8E3190BE97B00B4E3B7 /* ProfieTests-Info.plist */,
				1FCCA8E4190BE97B00B4E3B7 /* InfoPlist.strings */,
			);
			name = "Supporting Files";
			sourceTree = "<group>";
		};
		1FCCB5E3194436AB007183D3 /* UITableViewCell */ = {
			isa = PBXGroup;
			children = (
				1FCCB5E4194436F8007183D3 /* AnswerCell.h */,
				1FCCB5E5194436F8007183D3 /* AnswerCell.m */,
				1F4D791519C56879008AA5D6 /* UserCell.h */,
				1F4D791619C56879008AA5D6 /* UserCell.m */,
				1FC2F085195E69E2008A8E58 /* LVEditableCell.h */,
				1FC2F086195E69E2008A8E58 /* LVEditableCell.m */,
			);
			name = UITableViewCell;
			sourceTree = "<group>";
		};
		1FD2B1D4197F9E10002B846A /* Model */ = {
			isa = PBXGroup;
			children = (
				1F1F5CCB19C0241400D26FFF /* User.h */,
				1F1F5CCC19C0241400D26FFF /* User.m */,
				1FD2B1D5197F9E33002B846A /* Question.h */,
				1FD2B1D6197F9E33002B846A /* Question.m */,
				1FD2B1D8197FE551002B846A /* Answer.h */,
				1FD2B1D9197FE551002B846A /* Answer.m */,
			);
			name = Model;
			sourceTree = "<group>";
		};
/* End PBXGroup section */

/* Begin PBXNativeTarget section */
		1FCCA8AF190BE96200B4E3B7 /* Profie */ = {
			isa = PBXNativeTarget;
			buildConfigurationList = 1FCCA8EB190BE97B00B4E3B7 /* Build configuration list for PBXNativeTarget "Profie" */;
			buildPhases = (
				A34D1A8D905841B396E22452 /* Check Pods Manifest.lock */,
				1FCCA8AC190BE96200B4E3B7 /* Sources */,
				1FCCA8AD190BE96200B4E3B7 /* Frameworks */,
				1F1E5D7D199CF28E00A86304 /* ShellScript */,
				1FCCA8AE190BE96200B4E3B7 /* Resources */,
				3BEDB2580CB54AAC8AE4D489 /* Copy Pods Resources */,
				1F8AE44719925A8F00237F3E /* ShellScript */,
			);
			buildRules = (
			);
			dependencies = (
			);
			name = Profie;
			productName = SuperProfile;
			productReference = 1FCCA8B0190BE96300B4E3B7 /* Profie.app */;
			productType = "com.apple.product-type.application";
		};
		1FCCA8D8190BE97B00B4E3B7 /* ProfieTests */ = {
			isa = PBXNativeTarget;
			buildConfigurationList = 1FCCA8EE190BE97B00B4E3B7 /* Build configuration list for PBXNativeTarget "ProfieTests" */;
			buildPhases = (
				1FCCA8D5190BE97B00B4E3B7 /* Sources */,
				1FCCA8D6190BE97B00B4E3B7 /* Frameworks */,
				1FCCA8D7190BE97B00B4E3B7 /* Resources */,
			);
			buildRules = (
			);
			dependencies = (
				1FCCA8E0190BE97B00B4E3B7 /* PBXTargetDependency */,
			);
			name = ProfieTests;
			productName = SuperProfileTests;
			productReference = 1FCCA8D9190BE97B00B4E3B7 /* ProfieTests.xctest */;
			productType = "com.apple.product-type.bundle.unit-test";
		};
/* End PBXNativeTarget section */

/* Begin PBXProject section */
		1FCCA8A8190BE95D00B4E3B7 /* Project object */ = {
			isa = PBXProject;
			attributes = {
				LastUpgradeCheck = 0600;
				ORGANIZATIONNAME = "LvUP Inc.";
				TargetAttributes = {
					1FCCA8AF190BE96200B4E3B7 = {
						DevelopmentTeam = 7W7BBEVAYM;
						SystemCapabilities = {
							com.apple.InAppPurchase = {
								enabled = 0;
							};
						};
					};
					1FCCA8D8190BE97B00B4E3B7 = {
						TestTargetID = 1FCCA8AF190BE96200B4E3B7;
					};
				};
			};
			buildConfigurationList = 1FCCA8AB190BE95F00B4E3B7 /* Build configuration list for PBXProject "Profie" */;
			compatibilityVersion = "Xcode 3.2";
			developmentRegion = English;
			hasScannedForEncodings = 0;
			knownRegions = (
				en,
				Base,
				ja,
			);
			mainGroup = 1FCCA8A7190BE95C00B4E3B7;
			productRefGroup = 1FCCA8B1190BE96300B4E3B7 /* Products */;
			projectDirPath = "";
			projectRoot = "";
			targets = (
				1FCCA8AF190BE96200B4E3B7 /* Profie */,
				1FCCA8D8190BE97B00B4E3B7 /* ProfieTests */,
			);
		};
/* End PBXProject section */

/* Begin PBXResourcesBuildPhase section */
		1FCCA8AE190BE96200B4E3B7 /* Resources */ = {
			isa = PBXResourcesBuildPhase;
			buildActionMask = 2147483647;
			files = (
				1F3541EE19BD8ABF006A6D01 /* dot_lightGray.png in Resources */,
				1F1A5044199B052E0041DE9A /* Settings.bundle in Resources */,
				1F3541EF19BD8ABF006A6D01 /* dot_lightGray@2x.png in Resources */,
				1F166C9B19A057D00056C5EF /* twitter_blue.png in Resources */,
				1F3541FF19BDA8AF006A6D01 /* person_check@2x.png in Resources */,
				1FCCA8D4190BE97A00B4E3B7 /* Images.xcassets in Resources */,
				1F166CA419A057F50056C5EF /* edit_tab@2x.png in Resources */,
				1F415B6219C6E07900168CB1 /* person_add_nav@2x.png in Resources */,
				1F166C9519A057B00056C5EF /* bg_welcome@2x.png in Resources */,
				1F166C8B19A057850056C5EF /* share@2x.png in Resources */,
				1F166C8D19A057850056C5EF /* person_small@2x.png in Resources */,
				1F35420019BDA8AF006A6D01 /* person_add@2x.png in Resources */,
				1FC7121919124561004F9E2A /* Localizable.strings in Resources */,
				1F166C9A19A057D00056C5EF /* twitter_gray@2x.png in Resources */,
				1F2D4DBD19CD672600B0A98E /* appIcon_launchScreen@2x.png in Resources */,
				1F8142C919CEC1E600ACFDB3 /* NADView_readme.txt in Resources */,
				1FCCA8C0190BE96600B4E3B7 /* InfoPlist.strings in Resources */,
				1F166C9419A057B00056C5EF /* bg_welcome-568h@2x.png in Resources */,
				1F2D4DB819CD671700B0A98E /* LaunchScreen.xib in Resources */,
				1F3541F819BDA458006A6D01 /* gear@2x.png in Resources */,
				1F166C9C19A057D00056C5EF /* twitter_gray.png in Resources */,
				1F166C8819A057850056C5EF /* person_small.png in Resources */,
				1F166C9D19A057D00056C5EF /* twitter_blue@2x.png in Resources */,
				1F166C9319A057B00056C5EF /* bg_welcome.png in Resources */,
				1F35420119BDA8AF006A6D01 /* person_add.png in Resources */,
				1F2D4DBC19CD672600B0A98E /* appIcon_launchScreen.png in Resources */,
				1F3541F919BDA458006A6D01 /* gear.png in Resources */,
				1F3541FE19BDA8AF006A6D01 /* person_check.png in Resources */,
				1F388E7219C92DF10094D90F /* EmptyView.xib in Resources */,
				1F166CA319A057F50056C5EF /* person_tab.png in Resources */,
				1FC2F7801985533700E152DA /* Main.storyboard in Resources */,
				1F166CA519A057F50056C5EF /* edit_tab.png in Resources */,
				1F166C8919A057850056C5EF /* person_medium@2x.png in Resources */,
				1F3E5B4B19BEE0E8005ED84C /* home_tab@2x.png in Resources */,
				1F166CA219A057F50056C5EF /* person_tab@2x.png in Resources */,
				1F415B6319C6E07900168CB1 /* person_add_nav.png in Resources */,
				1F166C8A19A057850056C5EF /* share.png in Resources */,
				1F3E5B4C19BEE0E8005ED84C /* home_tab.png in Resources */,
				1F166C8E19A057850056C5EF /* person_medium.png in Resources */,
			);
			runOnlyForDeploymentPostprocessing = 0;
		};
		1FCCA8D7190BE97B00B4E3B7 /* Resources */ = {
			isa = PBXResourcesBuildPhase;
			buildActionMask = 2147483647;
			files = (
				1FCCA8E6190BE97B00B4E3B7 /* InfoPlist.strings in Resources */,
			);
			runOnlyForDeploymentPostprocessing = 0;
		};
/* End PBXResourcesBuildPhase section */

/* Begin PBXShellScriptBuildPhase section */
		1F1E5D7D199CF28E00A86304 /* ShellScript */ = {
			isa = PBXShellScriptBuildPhase;
			buildActionMask = 2147483647;
			files = (
			);
			inputPaths = (
			);
			outputPaths = (
			);
			runOnlyForDeploymentPostprocessing = 0;
			shellPath = /bin/sh;
			shellScript = "buildNumber=$(/usr/libexec/PlistBuddy -c \"Print CFBundleVersion\" ${PROJECT_DIR}/${PROJECT_NAME}/${PROJECT_NAME}-Info.plist)\nbuildNumber=$(($buildNumber + 1))\n/usr/libexec/PlistBuddy -c \"Set :CFBundleVersion $buildNumber\" ${PROJECT_DIR}/${PROJECT_NAME}/${PROJECT_NAME}-Info.plist";
		};
		1F8AE44719925A8F00237F3E /* ShellScript */ = {
			isa = PBXShellScriptBuildPhase;
			buildActionMask = 2147483647;
			files = (
			);
			inputPaths = (
			);
			outputPaths = (
			);
			runOnlyForDeploymentPostprocessing = 0;
			shellPath = /bin/sh;
			shellScript = "./Crashlytics.framework/run 05bba97476be46a19cd9fe6700e03312cdd38e05 76e7ade7f91c98eb5c98ee4471d527039cba04a2d1e0d93d9a378dfe782c7d1e";
		};
		3BEDB2580CB54AAC8AE4D489 /* Copy Pods Resources */ = {
			isa = PBXShellScriptBuildPhase;
			buildActionMask = 2147483647;
			files = (
			);
			inputPaths = (
			);
			name = "Copy Pods Resources";
			outputPaths = (
			);
			runOnlyForDeploymentPostprocessing = 0;
			shellPath = /bin/sh;
			shellScript = "\"${SRCROOT}/Pods/Pods-resources.sh\"\n";
			showEnvVarsInLog = 0;
		};
		A34D1A8D905841B396E22452 /* Check Pods Manifest.lock */ = {
			isa = PBXShellScriptBuildPhase;
			buildActionMask = 2147483647;
			files = (
			);
			inputPaths = (
			);
			name = "Check Pods Manifest.lock";
			outputPaths = (
			);
			runOnlyForDeploymentPostprocessing = 0;
			shellPath = /bin/sh;
			shellScript = "diff \"${PODS_ROOT}/../Podfile.lock\" \"${PODS_ROOT}/Manifest.lock\" > /dev/null\nif [[ $? != 0 ]] ; then\n    cat << EOM\nerror: The sandbox is not in sync with the Podfile.lock. Run 'pod install' or update your CocoaPods installation.\nEOM\n    exit 1\nfi\n";
			showEnvVarsInLog = 0;
		};
/* End PBXShellScriptBuildPhase section */

/* Begin PBXSourcesBuildPhase section */
		1FCCA8AC190BE96200B4E3B7 /* Sources */ = {
			isa = PBXSourcesBuildPhase;
			buildActionMask = 2147483647;
			files = (
				1F3C6E4619C1495E003EA252 /* ProfileSettingViewController.m in Sources */,
				1F74CC85194465D70008D14B /* LVTimeFormatter.m in Sources */,
				1FDA9905197D38000062405F /* ShareSettingViewController.m in Sources */,
				1F4D791419C51EBD008AA5D6 /* FindUserViewController.m in Sources */,
				1F4D791719C56879008AA5D6 /* UserCell.m in Sources */,
				1FC8822F195029F100A896B9 /* LVBorderButton.m in Sources */,
				1FD0D2F71978C15600DAD982 /* SettingViewController.m in Sources */,
				1FBA552519596074000BC39D /* WelcomeViewController.m in Sources */,
				1FC25785194D901F0002B02F /* LVTouchableLabel.m in Sources */,
				1FC712221912496E004F9E2A /* RecommendQuestionViewController.m in Sources */,
				1FBA552219595E3D000BC39D /* FirstViewController.m in Sources */,
				1FC2F087195E69E2008A8E58 /* LVEditableCell.m in Sources */,
				1FD3C7A419132E7E00700B83 /* EditQuestionViewController.m in Sources */,
				1F3541F219BD8D5B006A6D01 /* UserListViewController.m in Sources */,
				1FB62CB4191B8B210039D69D /* ProfileViewController.m in Sources */,
				1FD2B1D7197F9E33002B846A /* Question.m in Sources */,
				1F8AE4461992371D00237F3E /* LVAnalyticsManager.m in Sources */,
				1FC2F081195E59FC008A8E58 /* SignUpViewController.m in Sources */,
				1FCCB5E6194436F8007183D3 /* AnswerCell.m in Sources */,
				1F1F5CCD19C0241400D26FFF /* User.m in Sources */,
				1FB851EC191F127800433E5F /* LVConstants.m in Sources */,
				1FD2B1DA197FE551002B846A /* Answer.m in Sources */,
				1FCCA8C6190BE96900B4E3B7 /* AppDelegate.m in Sources */,
				1F83B8DD191A2B6D004CD869 /* EditAnswerViewController.m in Sources */,
				1FC523551936CADF0060D1BB /* PFRoundedImageView.m in Sources */,
				1F388E7519C9324C0094D90F /* EmptyView.m in Sources */,
				1F35420419BDB211006A6D01 /* LVUtility.m in Sources */,
				1F3CFB8719BA9E3E001E71E2 /* NSString+Additions.m in Sources */,
				1FC8822C194FF07400A896B9 /* UIColor+ColorWithHex.m in Sources */,
				1FB6F0E0197E643200B09E19 /* LVShareKitTwitter.m in Sources */,
				1FBB62AD1935E6C5001281F9 /* UIImage+Resize.m in Sources */,
				1FDF79EC19610E8E0017901C /* LogInViewController.m in Sources */,
				1F3541F519BD93AB006A6D01 /* AllUserListViewController.m in Sources */,
				1FC8E2331934917500DB7D5A /* LVPlaceholderTextView.m in Sources */,
				1FCCA8C2190BE96600B4E3B7 /* main.m in Sources */,
				1F1CB49F19C15F8B00DBA858 /* ProfileItemSettingViewController.m in Sources */,
				1F3E5B4419BEDF6E005ED84C /* AnswerTimelineViewController.m in Sources */,
			);
			runOnlyForDeploymentPostprocessing = 0;
		};
		1FCCA8D5190BE97B00B4E3B7 /* Sources */ = {
			isa = PBXSourcesBuildPhase;
			buildActionMask = 2147483647;
			files = (
				1FCCA8E8190BE97B00B4E3B7 /* SuperProfileTests.m in Sources */,
			);
			runOnlyForDeploymentPostprocessing = 0;
		};
/* End PBXSourcesBuildPhase section */

/* Begin PBXTargetDependency section */
		1FCCA8E0190BE97B00B4E3B7 /* PBXTargetDependency */ = {
			isa = PBXTargetDependency;
			target = 1FCCA8AF190BE96200B4E3B7 /* Profie */;
			targetProxy = 1FCCA8DF190BE97B00B4E3B7 /* PBXContainerItemProxy */;
		};
/* End PBXTargetDependency section */

/* Begin PBXVariantGroup section */
		1FC7121B19124561004F9E2A /* Localizable.strings */ = {
			isa = PBXVariantGroup;
			children = (
				1FC7121E19124686004F9E2A /* en */,
				1FC7121F191246A1004F9E2A /* ja */,
			);
			name = Localizable.strings;
			sourceTree = "<group>";
		};
		1FCCA8BE190BE96600B4E3B7 /* InfoPlist.strings */ = {
			isa = PBXVariantGroup;
			children = (
				1FCCA8BF190BE96600B4E3B7 /* en */,
			);
			name = InfoPlist.strings;
			sourceTree = "<group>";
		};
		1FCCA8E4190BE97B00B4E3B7 /* InfoPlist.strings */ = {
			isa = PBXVariantGroup;
			children = (
				1FCCA8E5190BE97B00B4E3B7 /* en */,
			);
			name = InfoPlist.strings;
			sourceTree = "<group>";
		};
/* End PBXVariantGroup section */

/* Begin XCBuildConfiguration section */
		1FCCA8E9190BE97B00B4E3B7 /* Debug */ = {
			isa = XCBuildConfiguration;
			buildSettings = {
				ALWAYS_SEARCH_USER_PATHS = NO;
				CLANG_CXX_LANGUAGE_STANDARD = "gnu++0x";
				CLANG_CXX_LIBRARY = "libc++";
				CLANG_ENABLE_MODULES = YES;
				CLANG_ENABLE_OBJC_ARC = YES;
				CLANG_WARN_BOOL_CONVERSION = YES;
				CLANG_WARN_CONSTANT_CONVERSION = YES;
				CLANG_WARN_DIRECT_OBJC_ISA_USAGE = YES_ERROR;
				CLANG_WARN_EMPTY_BODY = YES;
				CLANG_WARN_ENUM_CONVERSION = YES;
				CLANG_WARN_INT_CONVERSION = YES;
				CLANG_WARN_OBJC_ROOT_CLASS = YES_ERROR;
				CLANG_WARN__DUPLICATE_METHOD_MATCH = YES;
				"CODE_SIGN_IDENTITY[sdk=iphoneos*]" = "iPhone Developer";
				COPY_PHASE_STRIP = NO;
				GCC_C_LANGUAGE_STANDARD = gnu99;
				GCC_DYNAMIC_NO_PIC = NO;
				GCC_OPTIMIZATION_LEVEL = 0;
				GCC_PREPROCESSOR_DEFINITIONS = (
					"DEBUG=1",
					"$(inherited)",
				);
				GCC_SYMBOLS_PRIVATE_EXTERN = NO;
				GCC_WARN_64_TO_32_BIT_CONVERSION = YES;
				GCC_WARN_ABOUT_RETURN_TYPE = YES_ERROR;
				GCC_WARN_UNDECLARED_SELECTOR = YES;
				GCC_WARN_UNINITIALIZED_AUTOS = YES_AGGRESSIVE;
				GCC_WARN_UNUSED_FUNCTION = YES;
				GCC_WARN_UNUSED_VARIABLE = YES;
				IPHONEOS_DEPLOYMENT_TARGET = 7.1;
				ONLY_ACTIVE_ARCH = YES;
				SDKROOT = iphoneos;
			};
			name = Debug;
		};
		1FCCA8EA190BE97B00B4E3B7 /* Release */ = {
			isa = XCBuildConfiguration;
			buildSettings = {
				ALWAYS_SEARCH_USER_PATHS = NO;
				CLANG_CXX_LANGUAGE_STANDARD = "gnu++0x";
				CLANG_CXX_LIBRARY = "libc++";
				CLANG_ENABLE_MODULES = YES;
				CLANG_ENABLE_OBJC_ARC = YES;
				CLANG_WARN_BOOL_CONVERSION = YES;
				CLANG_WARN_CONSTANT_CONVERSION = YES;
				CLANG_WARN_DIRECT_OBJC_ISA_USAGE = YES_ERROR;
				CLANG_WARN_EMPTY_BODY = YES;
				CLANG_WARN_ENUM_CONVERSION = YES;
				CLANG_WARN_INT_CONVERSION = YES;
				CLANG_WARN_OBJC_ROOT_CLASS = YES_ERROR;
				CLANG_WARN__DUPLICATE_METHOD_MATCH = YES;
				"CODE_SIGN_IDENTITY[sdk=iphoneos*]" = "iPhone Developer";
				COPY_PHASE_STRIP = YES;
				ENABLE_NS_ASSERTIONS = NO;
				GCC_C_LANGUAGE_STANDARD = gnu99;
				GCC_WARN_64_TO_32_BIT_CONVERSION = YES;
				GCC_WARN_ABOUT_RETURN_TYPE = YES_ERROR;
				GCC_WARN_UNDECLARED_SELECTOR = YES;
				GCC_WARN_UNINITIALIZED_AUTOS = YES_AGGRESSIVE;
				GCC_WARN_UNUSED_FUNCTION = YES;
				GCC_WARN_UNUSED_VARIABLE = YES;
				IPHONEOS_DEPLOYMENT_TARGET = 7.1;
				SDKROOT = iphoneos;
				VALIDATE_PRODUCT = YES;
			};
			name = Release;
		};
		1FCCA8EC190BE97B00B4E3B7 /* Debug */ = {
			isa = XCBuildConfiguration;
			baseConfigurationReference = 1616678DB55E409AB7B11754 /* Pods.xcconfig */;
			buildSettings = {
				ASSETCATALOG_COMPILER_APPICON_NAME = AppIcon;
				ASSETCATALOG_COMPILER_LAUNCHIMAGE_NAME = LaunchImage;
				CODE_SIGN_IDENTITY = "iPhone Developer";
				"CODE_SIGN_IDENTITY[sdk=iphoneos*]" = "iPhone Developer";
				FRAMEWORK_SEARCH_PATHS = (
					"$(inherited)",
					"$(PROJECT_DIR)",
				);
				GCC_PRECOMPILE_PREFIX_HEADER = YES;
				GCC_PREFIX_HEADER = "Profie/Profie-Prefix.pch";
				INFOPLIST_FILE = "$(SRCROOT)/Profie/Profie-Info.plist";
				IPHONEOS_DEPLOYMENT_TARGET = 7.0;
				LIBRARY_SEARCH_PATHS = (
					"$(inherited)",
					"$(PROJECT_DIR)/NendAd",
				);
				PRODUCT_NAME = Profie;
				PROVISIONING_PROFILE = "";
				WRAPPER_EXTENSION = app;
			};
			name = Debug;
		};
		1FCCA8ED190BE97B00B4E3B7 /* Release */ = {
			isa = XCBuildConfiguration;
			baseConfigurationReference = 1616678DB55E409AB7B11754 /* Pods.xcconfig */;
			buildSettings = {
				ASSETCATALOG_COMPILER_APPICON_NAME = AppIcon;
				ASSETCATALOG_COMPILER_LAUNCHIMAGE_NAME = LaunchImage;
				CODE_SIGN_IDENTITY = "iPhone Developer";
				"CODE_SIGN_IDENTITY[sdk=iphoneos*]" = "iPhone Developer";
				FRAMEWORK_SEARCH_PATHS = (
					"$(inherited)",
					"$(PROJECT_DIR)",
				);
				GCC_PRECOMPILE_PREFIX_HEADER = YES;
				GCC_PREFIX_HEADER = "Profie/Profie-Prefix.pch";
				INFOPLIST_FILE = "$(SRCROOT)/Profie/Profie-Info.plist";
				IPHONEOS_DEPLOYMENT_TARGET = 7.0;
				LIBRARY_SEARCH_PATHS = (
					"$(inherited)",
					"$(PROJECT_DIR)/NendAd",
				);
				PRODUCT_NAME = Profie;
				PROVISIONING_PROFILE = "";
				WRAPPER_EXTENSION = app;
			};
			name = Release;
		};
		1FCCA8EF190BE97B00B4E3B7 /* Debug */ = {
			isa = XCBuildConfiguration;
			buildSettings = {
				BUNDLE_LOADER = "$(BUILT_PRODUCTS_DIR)/Profie.app/Profie";
				FRAMEWORK_SEARCH_PATHS = (
					"$(SDKROOT)/Developer/Library/Frameworks",
					"$(inherited)",
					"$(DEVELOPER_FRAMEWORKS_DIR)",
				);
				GCC_PRECOMPILE_PREFIX_HEADER = YES;
				GCC_PREFIX_HEADER = "SuperProfile/SuperProfile-Prefix.pch";
				GCC_PREPROCESSOR_DEFINITIONS = (
					"DEBUG=1",
					"$(inherited)",
				);
				INFOPLIST_FILE = "SuperProfileTests/ProfieTests-Info.plist";
				PRODUCT_NAME = ProfieTests;
				TEST_HOST = "$(BUNDLE_LOADER)";
				WRAPPER_EXTENSION = xctest;
			};
			name = Debug;
		};
		1FCCA8F0190BE97B00B4E3B7 /* Release */ = {
			isa = XCBuildConfiguration;
			buildSettings = {
				BUNDLE_LOADER = "$(BUILT_PRODUCTS_DIR)/Profie.app/Profie";
				FRAMEWORK_SEARCH_PATHS = (
					"$(SDKROOT)/Developer/Library/Frameworks",
					"$(inherited)",
					"$(DEVELOPER_FRAMEWORKS_DIR)",
				);
				GCC_PRECOMPILE_PREFIX_HEADER = YES;
				GCC_PREFIX_HEADER = "SuperProfile/SuperProfile-Prefix.pch";
				INFOPLIST_FILE = "SuperProfileTests/ProfieTests-Info.plist";
				PRODUCT_NAME = ProfieTests;
				TEST_HOST = "$(BUNDLE_LOADER)";
				WRAPPER_EXTENSION = xctest;
			};
			name = Release;
		};
/* End XCBuildConfiguration section */

/* Begin XCConfigurationList section */
		1FCCA8AB190BE95F00B4E3B7 /* Build configuration list for PBXProject "Profie" */ = {
			isa = XCConfigurationList;
			buildConfigurations = (
				1FCCA8E9190BE97B00B4E3B7 /* Debug */,
				1FCCA8EA190BE97B00B4E3B7 /* Release */,
			);
			defaultConfigurationIsVisible = 0;
			defaultConfigurationName = Release;
		};
		1FCCA8EB190BE97B00B4E3B7 /* Build configuration list for PBXNativeTarget "Profie" */ = {
			isa = XCConfigurationList;
			buildConfigurations = (
				1FCCA8EC190BE97B00B4E3B7 /* Debug */,
				1FCCA8ED190BE97B00B4E3B7 /* Release */,
			);
			defaultConfigurationIsVisible = 0;
			defaultConfigurationName = Release;
		};
		1FCCA8EE190BE97B00B4E3B7 /* Build configuration list for PBXNativeTarget "ProfieTests" */ = {
			isa = XCConfigurationList;
			buildConfigurations = (
				1FCCA8EF190BE97B00B4E3B7 /* Debug */,
				1FCCA8F0190BE97B00B4E3B7 /* Release */,
			);
			defaultConfigurationIsVisible = 0;
			defaultConfigurationName = Release;
		};
/* End XCConfigurationList section */
	};
	rootObject = 1FCCA8A8190BE95D00B4E3B7 /* Project object */;
}
