// !$*UTF8*$!
{
	archiveVersion = 1;
	classes = {
	};
	objectVersion = 46;
	objects = {

/* Begin PBXBuildFile section */
		1F257BFA19419AF600ECAD0D /* AnswerTimelineViewController.m in Sources */ = {isa = PBXBuildFile; fileRef = 1F257BF919419AF600ECAD0D /* AnswerTimelineViewController.m */; };
		1F74CC85194465D70008D14B /* LUTimeFormatter.m in Sources */ = {isa = PBXBuildFile; fileRef = 1F74CC84194465D70008D14B /* LUTimeFormatter.m */; };
		1F83B8DD191A2B6D004CD869 /* EditAnswerViewController.m in Sources */ = {isa = PBXBuildFile; fileRef = 1F83B8DC191A2B6D004CD869 /* EditAnswerViewController.m */; };
		1FB62CB4191B8B210039D69D /* ProfileViewController.m in Sources */ = {isa = PBXBuildFile; fileRef = 1FB62CB3191B8B210039D69D /* ProfileViewController.m */; };
		1FB851EC191F127800433E5F /* LUConstants.m in Sources */ = {isa = PBXBuildFile; fileRef = 1FB851EB191F127800433E5F /* LUConstants.m */; };
		1FBB62AD1935E6C5001281F9 /* UIImage+Resize.m in Sources */ = {isa = PBXBuildFile; fileRef = 1FBB62AC1935E6C5001281F9 /* UIImage+Resize.m */; };
		1FBD7F7C19230AA000F92341 /* LUUtility.m in Sources */ = {isa = PBXBuildFile; fileRef = 1FBD7F7B19230AA000F92341 /* LUUtility.m */; };
		1FC4399C190CA3E400D4F3D1 /* Parse.framework in Frameworks */ = {isa = PBXBuildFile; fileRef = 1FC4399B190CA3E400D4F3D1 /* Parse.framework */; };
		1FC4399E190CA45100D4F3D1 /* AudioToolbox.framework in Frameworks */ = {isa = PBXBuildFile; fileRef = 1FC4399D190CA45100D4F3D1 /* AudioToolbox.framework */; };
		1FC439A0190CA45700D4F3D1 /* CFNetwork.framework in Frameworks */ = {isa = PBXBuildFile; fileRef = 1FC4399F190CA45700D4F3D1 /* CFNetwork.framework */; };
		1FC439A2190CA46E00D4F3D1 /* CoreLocation.framework in Frameworks */ = {isa = PBXBuildFile; fileRef = 1FC439A1190CA46E00D4F3D1 /* CoreLocation.framework */; };
		1FC439A4190CA47E00D4F3D1 /* libz.dylib in Frameworks */ = {isa = PBXBuildFile; fileRef = 1FC439A3190CA47E00D4F3D1 /* libz.dylib */; };
		1FC439A6190CA48700D4F3D1 /* MobileCoreServices.framework in Frameworks */ = {isa = PBXBuildFile; fileRef = 1FC439A5190CA48700D4F3D1 /* MobileCoreServices.framework */; };
		1FC439A8190CA48D00D4F3D1 /* QuartzCore.framework in Frameworks */ = {isa = PBXBuildFile; fileRef = 1FC439A7190CA48D00D4F3D1 /* QuartzCore.framework */; };
		1FC439AA190CA49700D4F3D1 /* Security.framework in Frameworks */ = {isa = PBXBuildFile; fileRef = 1FC439A9190CA49700D4F3D1 /* Security.framework */; };
		1FC439AE190CA4AB00D4F3D1 /* SystemConfiguration.framework in Frameworks */ = {isa = PBXBuildFile; fileRef = 1FC439AD190CA4AB00D4F3D1 /* SystemConfiguration.framework */; };
		1FC523551936CADF0060D1BB /* PFRoundedImageView.m in Sources */ = {isa = PBXBuildFile; fileRef = 1FC523541936CADF0060D1BB /* PFRoundedImageView.m */; };
		1FC523591937133A0060D1BB /* QuestionDetailViewController.m in Sources */ = {isa = PBXBuildFile; fileRef = 1FC523581937133A0060D1BB /* QuestionDetailViewController.m */; };
		1FC7121919124561004F9E2A /* Localizable.strings in Resources */ = {isa = PBXBuildFile; fileRef = 1FC7121B19124561004F9E2A /* Localizable.strings */; };
		1FC712221912496E004F9E2A /* RecommendQuestionViewController.m in Sources */ = {isa = PBXBuildFile; fileRef = 1FC712211912496E004F9E2A /* RecommendQuestionViewController.m */; };
		1FC845231933107300909231 /* EditProfileViewController.m in Sources */ = {isa = PBXBuildFile; fileRef = 1FC845221933107300909231 /* EditProfileViewController.m */; };
		1FC8E2331934917500DB7D5A /* LUPlaceholderTextView.m in Sources */ = {isa = PBXBuildFile; fileRef = 1FC8E2321934917500DB7D5A /* LUPlaceholderTextView.m */; };
		1FCCA8B4190BE96300B4E3B7 /* Foundation.framework in Frameworks */ = {isa = PBXBuildFile; fileRef = 1FCCA8B3190BE96300B4E3B7 /* Foundation.framework */; };
		1FCCA8B6190BE96300B4E3B7 /* CoreGraphics.framework in Frameworks */ = {isa = PBXBuildFile; fileRef = 1FCCA8B5190BE96300B4E3B7 /* CoreGraphics.framework */; };
		1FCCA8B8190BE96300B4E3B7 /* UIKit.framework in Frameworks */ = {isa = PBXBuildFile; fileRef = 1FCCA8B7190BE96300B4E3B7 /* UIKit.framework */; };
		1FCCA8BA190BE96300B4E3B7 /* CoreData.framework in Frameworks */ = {isa = PBXBuildFile; fileRef = 1FCCA8B9190BE96300B4E3B7 /* CoreData.framework */; };
		1FCCA8C0190BE96600B4E3B7 /* InfoPlist.strings in Resources */ = {isa = PBXBuildFile; fileRef = 1FCCA8BE190BE96600B4E3B7 /* InfoPlist.strings */; };
		1FCCA8C2190BE96600B4E3B7 /* main.m in Sources */ = {isa = PBXBuildFile; fileRef = 1FCCA8C1190BE96600B4E3B7 /* main.m */; };
		1FCCA8C6190BE96900B4E3B7 /* AppDelegate.m in Sources */ = {isa = PBXBuildFile; fileRef = 1FCCA8C5190BE96900B4E3B7 /* AppDelegate.m */; };
		1FCCA8C9190BE96E00B4E3B7 /* Main.storyboard in Resources */ = {isa = PBXBuildFile; fileRef = 1FCCA8C7190BE96E00B4E3B7 /* Main.storyboard */; };
		1FCCA8CC190BE97600B4E3B7 /* SuperProfile.xcdatamodeld in Sources */ = {isa = PBXBuildFile; fileRef = 1FCCA8CA190BE97200B4E3B7 /* SuperProfile.xcdatamodeld */; };
		1FCCA8D4190BE97A00B4E3B7 /* Images.xcassets in Resources */ = {isa = PBXBuildFile; fileRef = 1FCCA8D3190BE97A00B4E3B7 /* Images.xcassets */; };
		1FCCA8DB190BE97B00B4E3B7 /* XCTest.framework in Frameworks */ = {isa = PBXBuildFile; fileRef = 1FCCA8DA190BE97B00B4E3B7 /* XCTest.framework */; };
		1FCCA8DC190BE97B00B4E3B7 /* Foundation.framework in Frameworks */ = {isa = PBXBuildFile; fileRef = 1FCCA8B3190BE96300B4E3B7 /* Foundation.framework */; };
		1FCCA8DD190BE97B00B4E3B7 /* UIKit.framework in Frameworks */ = {isa = PBXBuildFile; fileRef = 1FCCA8B7190BE96300B4E3B7 /* UIKit.framework */; };
		1FCCA8DE190BE97B00B4E3B7 /* CoreData.framework in Frameworks */ = {isa = PBXBuildFile; fileRef = 1FCCA8B9190BE96300B4E3B7 /* CoreData.framework */; };
		1FCCA8E6190BE97B00B4E3B7 /* InfoPlist.strings in Resources */ = {isa = PBXBuildFile; fileRef = 1FCCA8E4190BE97B00B4E3B7 /* InfoPlist.strings */; };
		1FCCA8E8190BE97B00B4E3B7 /* SuperProfileTests.m in Sources */ = {isa = PBXBuildFile; fileRef = 1FCCA8E7190BE97B00B4E3B7 /* SuperProfileTests.m */; };
		1FCCB5E119440DDB007183D3 /* question.png in Resources */ = {isa = PBXBuildFile; fileRef = 1FCCB5DF19440DDB007183D3 /* question.png */; };
		1FCCB5E219440DDB007183D3 /* question@2x.png in Resources */ = {isa = PBXBuildFile; fileRef = 1FCCB5E019440DDB007183D3 /* question@2x.png */; };
		1FCCB5E6194436F8007183D3 /* AnswerCell.m in Sources */ = {isa = PBXBuildFile; fileRef = 1FCCB5E5194436F8007183D3 /* AnswerCell.m */; };
		1FCD5D431921FC5600784175 /* home@2x.png in Resources */ = {isa = PBXBuildFile; fileRef = 1FCD5D411921FC5600784175 /* home@2x.png */; };
		1FCD5D441921FC5600784175 /* home.png in Resources */ = {isa = PBXBuildFile; fileRef = 1FCD5D421921FC5600784175 /* home.png */; };
		1FCEC10819452178001093F7 /* PFUser+Additions.m in Sources */ = {isa = PBXBuildFile; fileRef = 1FCEC10719452178001093F7 /* PFUser+Additions.m */; };
		1FD3C7A419132E7E00700B83 /* EditQuestionViewController.m in Sources */ = {isa = PBXBuildFile; fileRef = 1FD3C7A319132E7E00700B83 /* EditQuestionViewController.m */; };
		1FDF88861920753900142791 /* person@2x.png in Resources */ = {isa = PBXBuildFile; fileRef = 1FDF88841920753900142791 /* person@2x.png */; };
		1FDF88871920753900142791 /* person.png in Resources */ = {isa = PBXBuildFile; fileRef = 1FDF88851920753900142791 /* person.png */; };
		1FDF888A192108EB00142791 /* UserListViewController.m in Sources */ = {isa = PBXBuildFile; fileRef = 1FDF8889192108EB00142791 /* UserListViewController.m */; };
		210C5D8E7BB54F47A94CBDBD /* libPods.a in Frameworks */ = {isa = PBXBuildFile; fileRef = B53BA30D517B4AA9A22C9DC0 /* libPods.a */; };
/* End PBXBuildFile section */

/* Begin PBXContainerItemProxy section */
		1FCCA8DF190BE97B00B4E3B7 /* PBXContainerItemProxy */ = {
			isa = PBXContainerItemProxy;
			containerPortal = 1FCCA8A8190BE95D00B4E3B7 /* Project object */;
			proxyType = 1;
			remoteGlobalIDString = 1FCCA8AF190BE96200B4E3B7;
			remoteInfo = SuperProfile;
		};
/* End PBXContainerItemProxy section */

/* Begin PBXFileReference section */
		1616678DB55E409AB7B11754 /* Pods.xcconfig */ = {isa = PBXFileReference; includeInIndex = 1; lastKnownFileType = text.xcconfig; name = Pods.xcconfig; path = Pods/Pods.xcconfig; sourceTree = "<group>"; };
		1F257BF819419AF500ECAD0D /* AnswerTimelineViewController.h */ = {isa = PBXFileReference; fileEncoding = 4; lastKnownFileType = sourcecode.c.h; path = AnswerTimelineViewController.h; sourceTree = "<group>"; };
		1F257BF919419AF600ECAD0D /* AnswerTimelineViewController.m */ = {isa = PBXFileReference; fileEncoding = 4; lastKnownFileType = sourcecode.c.objc; path = AnswerTimelineViewController.m; sourceTree = "<group>"; };
		1F74CC83194465D70008D14B /* LUTimeFormatter.h */ = {isa = PBXFileReference; fileEncoding = 4; lastKnownFileType = sourcecode.c.h; path = LUTimeFormatter.h; sourceTree = "<group>"; };
		1F74CC84194465D70008D14B /* LUTimeFormatter.m */ = {isa = PBXFileReference; fileEncoding = 4; lastKnownFileType = sourcecode.c.objc; path = LUTimeFormatter.m; sourceTree = "<group>"; };
		1F83B8DB191A2B6D004CD869 /* EditAnswerViewController.h */ = {isa = PBXFileReference; fileEncoding = 4; lastKnownFileType = sourcecode.c.h; path = EditAnswerViewController.h; sourceTree = "<group>"; };
		1F83B8DC191A2B6D004CD869 /* EditAnswerViewController.m */ = {isa = PBXFileReference; fileEncoding = 4; lastKnownFileType = sourcecode.c.objc; path = EditAnswerViewController.m; sourceTree = "<group>"; };
		1FB62CB2191B8B210039D69D /* ProfileViewController.h */ = {isa = PBXFileReference; fileEncoding = 4; lastKnownFileType = sourcecode.c.h; path = ProfileViewController.h; sourceTree = "<group>"; };
		1FB62CB3191B8B210039D69D /* ProfileViewController.m */ = {isa = PBXFileReference; fileEncoding = 4; lastKnownFileType = sourcecode.c.objc; path = ProfileViewController.m; sourceTree = "<group>"; };
		1FB851EA191F127800433E5F /* LUConstants.h */ = {isa = PBXFileReference; fileEncoding = 4; lastKnownFileType = sourcecode.c.h; path = LUConstants.h; sourceTree = "<group>"; };
		1FB851EB191F127800433E5F /* LUConstants.m */ = {isa = PBXFileReference; fileEncoding = 4; lastKnownFileType = sourcecode.c.objc; path = LUConstants.m; sourceTree = "<group>"; };
		1FBB62AB1935E6C5001281F9 /* UIImage+Resize.h */ = {isa = PBXFileReference; fileEncoding = 4; lastKnownFileType = sourcecode.c.h; path = "UIImage+Resize.h"; sourceTree = "<group>"; };
		1FBB62AC1935E6C5001281F9 /* UIImage+Resize.m */ = {isa = PBXFileReference; fileEncoding = 4; lastKnownFileType = sourcecode.c.objc; path = "UIImage+Resize.m"; sourceTree = "<group>"; };
		1FBD7F7A19230AA000F92341 /* LUUtility.h */ = {isa = PBXFileReference; fileEncoding = 4; lastKnownFileType = sourcecode.c.h; path = LUUtility.h; sourceTree = "<group>"; };
		1FBD7F7B19230AA000F92341 /* LUUtility.m */ = {isa = PBXFileReference; fileEncoding = 4; lastKnownFileType = sourcecode.c.objc; path = LUUtility.m; sourceTree = "<group>"; };
		1FC4399B190CA3E400D4F3D1 /* Parse.framework */ = {isa = PBXFileReference; lastKnownFileType = wrapper.framework; path = Parse.framework; sourceTree = "<group>"; };
		1FC4399D190CA45100D4F3D1 /* AudioToolbox.framework */ = {isa = PBXFileReference; lastKnownFileType = wrapper.framework; name = AudioToolbox.framework; path = System/Library/Frameworks/AudioToolbox.framework; sourceTree = SDKROOT; };
		1FC4399F190CA45700D4F3D1 /* CFNetwork.framework */ = {isa = PBXFileReference; lastKnownFileType = wrapper.framework; name = CFNetwork.framework; path = System/Library/Frameworks/CFNetwork.framework; sourceTree = SDKROOT; };
		1FC439A1190CA46E00D4F3D1 /* CoreLocation.framework */ = {isa = PBXFileReference; lastKnownFileType = wrapper.framework; name = CoreLocation.framework; path = System/Library/Frameworks/CoreLocation.framework; sourceTree = SDKROOT; };
		1FC439A3190CA47E00D4F3D1 /* libz.dylib */ = {isa = PBXFileReference; lastKnownFileType = "compiled.mach-o.dylib"; name = libz.dylib; path = usr/lib/libz.dylib; sourceTree = SDKROOT; };
		1FC439A5190CA48700D4F3D1 /* MobileCoreServices.framework */ = {isa = PBXFileReference; lastKnownFileType = wrapper.framework; name = MobileCoreServices.framework; path = System/Library/Frameworks/MobileCoreServices.framework; sourceTree = SDKROOT; };
		1FC439A7190CA48D00D4F3D1 /* QuartzCore.framework */ = {isa = PBXFileReference; lastKnownFileType = wrapper.framework; name = QuartzCore.framework; path = System/Library/Frameworks/QuartzCore.framework; sourceTree = SDKROOT; };
		1FC439A9190CA49700D4F3D1 /* Security.framework */ = {isa = PBXFileReference; lastKnownFileType = wrapper.framework; name = Security.framework; path = System/Library/Frameworks/Security.framework; sourceTree = SDKROOT; };
		1FC439AD190CA4AB00D4F3D1 /* SystemConfiguration.framework */ = {isa = PBXFileReference; lastKnownFileType = wrapper.framework; name = SystemConfiguration.framework; path = System/Library/Frameworks/SystemConfiguration.framework; sourceTree = SDKROOT; };
		1FC523531936CADE0060D1BB /* PFRoundedImageView.h */ = {isa = PBXFileReference; fileEncoding = 4; lastKnownFileType = sourcecode.c.h; path = PFRoundedImageView.h; sourceTree = "<group>"; };
		1FC523541936CADF0060D1BB /* PFRoundedImageView.m */ = {isa = PBXFileReference; fileEncoding = 4; lastKnownFileType = sourcecode.c.objc; path = PFRoundedImageView.m; sourceTree = "<group>"; };
		1FC523571937133A0060D1BB /* QuestionDetailViewController.h */ = {isa = PBXFileReference; fileEncoding = 4; lastKnownFileType = sourcecode.c.h; path = QuestionDetailViewController.h; sourceTree = "<group>"; };
		1FC523581937133A0060D1BB /* QuestionDetailViewController.m */ = {isa = PBXFileReference; fileEncoding = 4; lastKnownFileType = sourcecode.c.objc; path = QuestionDetailViewController.m; sourceTree = "<group>"; };
		1FC7121E19124686004F9E2A /* en */ = {isa = PBXFileReference; lastKnownFileType = text.plist.strings; name = en; path = en.lproj/Localizable.strings; sourceTree = "<group>"; };
		1FC7121F191246A1004F9E2A /* ja */ = {isa = PBXFileReference; lastKnownFileType = text.plist.strings; name = ja; path = ja.lproj/Localizable.strings; sourceTree = "<group>"; };
		1FC712201912496E004F9E2A /* RecommendQuestionViewController.h */ = {isa = PBXFileReference; fileEncoding = 4; lastKnownFileType = sourcecode.c.h; path = RecommendQuestionViewController.h; sourceTree = "<group>"; };
		1FC712211912496E004F9E2A /* RecommendQuestionViewController.m */ = {isa = PBXFileReference; fileEncoding = 4; lastKnownFileType = sourcecode.c.objc; path = RecommendQuestionViewController.m; sourceTree = "<group>"; };
		1FC845211933107300909231 /* EditProfileViewController.h */ = {isa = PBXFileReference; fileEncoding = 4; lastKnownFileType = sourcecode.c.h; path = EditProfileViewController.h; sourceTree = "<group>"; };
		1FC845221933107300909231 /* EditProfileViewController.m */ = {isa = PBXFileReference; fileEncoding = 4; lastKnownFileType = sourcecode.c.objc; path = EditProfileViewController.m; sourceTree = "<group>"; };
		1FC8E2311934917500DB7D5A /* LUPlaceholderTextView.h */ = {isa = PBXFileReference; fileEncoding = 4; lastKnownFileType = sourcecode.c.h; path = LUPlaceholderTextView.h; sourceTree = "<group>"; };
		1FC8E2321934917500DB7D5A /* LUPlaceholderTextView.m */ = {isa = PBXFileReference; fileEncoding = 4; lastKnownFileType = sourcecode.c.objc; path = LUPlaceholderTextView.m; sourceTree = "<group>"; };
		1FCCA8B0190BE96300B4E3B7 /* SuperProfile.app */ = {isa = PBXFileReference; explicitFileType = wrapper.application; includeInIndex = 0; path = SuperProfile.app; sourceTree = BUILT_PRODUCTS_DIR; };
		1FCCA8B3190BE96300B4E3B7 /* Foundation.framework */ = {isa = PBXFileReference; lastKnownFileType = wrapper.framework; name = Foundation.framework; path = System/Library/Frameworks/Foundation.framework; sourceTree = SDKROOT; };
		1FCCA8B5190BE96300B4E3B7 /* CoreGraphics.framework */ = {isa = PBXFileReference; lastKnownFileType = wrapper.framework; name = CoreGraphics.framework; path = System/Library/Frameworks/CoreGraphics.framework; sourceTree = SDKROOT; };
		1FCCA8B7190BE96300B4E3B7 /* UIKit.framework */ = {isa = PBXFileReference; lastKnownFileType = wrapper.framework; name = UIKit.framework; path = System/Library/Frameworks/UIKit.framework; sourceTree = SDKROOT; };
		1FCCA8B9190BE96300B4E3B7 /* CoreData.framework */ = {isa = PBXFileReference; lastKnownFileType = wrapper.framework; name = CoreData.framework; path = System/Library/Frameworks/CoreData.framework; sourceTree = SDKROOT; };
		1FCCA8BD190BE96600B4E3B7 /* SuperProfile-Info.plist */ = {isa = PBXFileReference; lastKnownFileType = text.plist.xml; path = "SuperProfile-Info.plist"; sourceTree = "<group>"; };
		1FCCA8BF190BE96600B4E3B7 /* en */ = {isa = PBXFileReference; lastKnownFileType = text.plist.strings; name = en; path = en.lproj/InfoPlist.strings; sourceTree = "<group>"; };
		1FCCA8C1190BE96600B4E3B7 /* main.m */ = {isa = PBXFileReference; lastKnownFileType = sourcecode.c.objc; path = main.m; sourceTree = "<group>"; };
		1FCCA8C3190BE96600B4E3B7 /* SuperProfile-Prefix.pch */ = {isa = PBXFileReference; lastKnownFileType = sourcecode.c.h; path = "SuperProfile-Prefix.pch"; sourceTree = "<group>"; };
		1FCCA8C4190BE96700B4E3B7 /* AppDelegate.h */ = {isa = PBXFileReference; lastKnownFileType = sourcecode.c.h; path = AppDelegate.h; sourceTree = "<group>"; };
		1FCCA8C5190BE96900B4E3B7 /* AppDelegate.m */ = {isa = PBXFileReference; lastKnownFileType = sourcecode.c.objc; path = AppDelegate.m; sourceTree = "<group>"; };
		1FCCA8C8190BE96E00B4E3B7 /* Base */ = {isa = PBXFileReference; lastKnownFileType = file.storyboard; name = Base; path = Base.lproj/Main.storyboard; sourceTree = "<group>"; };
		1FCCA8CB190BE97200B4E3B7 /* SuperProfile.xcdatamodel */ = {isa = PBXFileReference; lastKnownFileType = wrapper.xcdatamodel; path = SuperProfile.xcdatamodel; sourceTree = "<group>"; };
		1FCCA8D3190BE97A00B4E3B7 /* Images.xcassets */ = {isa = PBXFileReference; lastKnownFileType = folder.assetcatalog; path = Images.xcassets; sourceTree = "<group>"; };
		1FCCA8D9190BE97B00B4E3B7 /* SuperProfileTests.xctest */ = {isa = PBXFileReference; explicitFileType = wrapper.cfbundle; includeInIndex = 0; path = SuperProfileTests.xctest; sourceTree = BUILT_PRODUCTS_DIR; };
		1FCCA8DA190BE97B00B4E3B7 /* XCTest.framework */ = {isa = PBXFileReference; lastKnownFileType = wrapper.framework; name = XCTest.framework; path = Library/Frameworks/XCTest.framework; sourceTree = DEVELOPER_DIR; };
		1FCCA8E3190BE97B00B4E3B7 /* SuperProfileTests-Info.plist */ = {isa = PBXFileReference; lastKnownFileType = text.plist.xml; path = "SuperProfileTests-Info.plist"; sourceTree = "<group>"; };
		1FCCA8E5190BE97B00B4E3B7 /* en */ = {isa = PBXFileReference; lastKnownFileType = text.plist.strings; name = en; path = en.lproj/InfoPlist.strings; sourceTree = "<group>"; };
		1FCCA8E7190BE97B00B4E3B7 /* SuperProfileTests.m */ = {isa = PBXFileReference; lastKnownFileType = sourcecode.c.objc; path = SuperProfileTests.m; sourceTree = "<group>"; };
		1FCCB5DF19440DDB007183D3 /* question.png */ = {isa = PBXFileReference; lastKnownFileType = image.png; path = question.png; sourceTree = "<group>"; };
		1FCCB5E019440DDB007183D3 /* question@2x.png */ = {isa = PBXFileReference; lastKnownFileType = image.png; path = "question@2x.png"; sourceTree = "<group>"; };
		1FCCB5E4194436F8007183D3 /* AnswerCell.h */ = {isa = PBXFileReference; fileEncoding = 4; lastKnownFileType = sourcecode.c.h; path = AnswerCell.h; sourceTree = "<group>"; };
		1FCCB5E5194436F8007183D3 /* AnswerCell.m */ = {isa = PBXFileReference; fileEncoding = 4; lastKnownFileType = sourcecode.c.objc; path = AnswerCell.m; sourceTree = "<group>"; };
		1FCD5D411921FC5600784175 /* home@2x.png */ = {isa = PBXFileReference; lastKnownFileType = image.png; path = "home@2x.png"; sourceTree = "<group>"; };
		1FCD5D421921FC5600784175 /* home.png */ = {isa = PBXFileReference; lastKnownFileType = image.png; path = home.png; sourceTree = "<group>"; };
		1FCEC10619452178001093F7 /* PFUser+Additions.h */ = {isa = PBXFileReference; fileEncoding = 4; lastKnownFileType = sourcecode.c.h; path = "PFUser+Additions.h"; sourceTree = "<group>"; };
		1FCEC10719452178001093F7 /* PFUser+Additions.m */ = {isa = PBXFileReference; fileEncoding = 4; lastKnownFileType = sourcecode.c.objc; path = "PFUser+Additions.m"; sourceTree = "<group>"; };
		1FD3C7A219132E7E00700B83 /* EditQuestionViewController.h */ = {isa = PBXFileReference; fileEncoding = 4; lastKnownFileType = sourcecode.c.h; path = EditQuestionViewController.h; sourceTree = "<group>"; };
		1FD3C7A319132E7E00700B83 /* EditQuestionViewController.m */ = {isa = PBXFileReference; fileEncoding = 4; lastKnownFileType = sourcecode.c.objc; path = EditQuestionViewController.m; sourceTree = "<group>"; };
		1FDF88841920753900142791 /* person@2x.png */ = {isa = PBXFileReference; lastKnownFileType = image.png; path = "person@2x.png"; sourceTree = "<group>"; };
		1FDF88851920753900142791 /* person.png */ = {isa = PBXFileReference; lastKnownFileType = image.png; path = person.png; sourceTree = "<group>"; };
		1FDF8888192108EB00142791 /* UserListViewController.h */ = {isa = PBXFileReference; fileEncoding = 4; lastKnownFileType = sourcecode.c.h; path = UserListViewController.h; sourceTree = "<group>"; };
		1FDF8889192108EB00142791 /* UserListViewController.m */ = {isa = PBXFileReference; fileEncoding = 4; lastKnownFileType = sourcecode.c.objc; path = UserListViewController.m; sourceTree = "<group>"; };
		B53BA30D517B4AA9A22C9DC0 /* libPods.a */ = {isa = PBXFileReference; explicitFileType = archive.ar; includeInIndex = 0; path = libPods.a; sourceTree = BUILT_PRODUCTS_DIR; };
/* End PBXFileReference section */

/* Begin PBXFrameworksBuildPhase section */
		1FCCA8AD190BE96200B4E3B7 /* Frameworks */ = {
			isa = PBXFrameworksBuildPhase;
			buildActionMask = 2147483647;
			files = (
				1FC439AE190CA4AB00D4F3D1 /* SystemConfiguration.framework in Frameworks */,
				1FC439AA190CA49700D4F3D1 /* Security.framework in Frameworks */,
				1FC439A8190CA48D00D4F3D1 /* QuartzCore.framework in Frameworks */,
				1FC439A6190CA48700D4F3D1 /* MobileCoreServices.framework in Frameworks */,
				1FC439A4190CA47E00D4F3D1 /* libz.dylib in Frameworks */,
				1FC439A2190CA46E00D4F3D1 /* CoreLocation.framework in Frameworks */,
				1FCCA8B6190BE96300B4E3B7 /* CoreGraphics.framework in Frameworks */,
				1FC439A0190CA45700D4F3D1 /* CFNetwork.framework in Frameworks */,
				1FC4399E190CA45100D4F3D1 /* AudioToolbox.framework in Frameworks */,
				1FCCA8BA190BE96300B4E3B7 /* CoreData.framework in Frameworks */,
				1FCCA8B8190BE96300B4E3B7 /* UIKit.framework in Frameworks */,
				1FCCA8B4190BE96300B4E3B7 /* Foundation.framework in Frameworks */,
				1FC4399C190CA3E400D4F3D1 /* Parse.framework in Frameworks */,
				210C5D8E7BB54F47A94CBDBD /* libPods.a in Frameworks */,
			);
			runOnlyForDeploymentPostprocessing = 0;
		};
		1FCCA8D6190BE97B00B4E3B7 /* Frameworks */ = {
			isa = PBXFrameworksBuildPhase;
			buildActionMask = 2147483647;
			files = (
				1FCCA8DB190BE97B00B4E3B7 /* XCTest.framework in Frameworks */,
				1FCCA8DE190BE97B00B4E3B7 /* CoreData.framework in Frameworks */,
				1FCCA8DD190BE97B00B4E3B7 /* UIKit.framework in Frameworks */,
				1FCCA8DC190BE97B00B4E3B7 /* Foundation.framework in Frameworks */,
			);
			runOnlyForDeploymentPostprocessing = 0;
		};
/* End PBXFrameworksBuildPhase section */

/* Begin PBXGroup section */
		1F257BF719419A9E00ECAD0D /* TimeLineTab */ = {
			isa = PBXGroup;
			children = (
				1F257BF819419AF500ECAD0D /* AnswerTimelineViewController.h */,
				1F257BF919419AF600ECAD0D /* AnswerTimelineViewController.m */,
			);
			name = TimeLineTab;
			sourceTree = "<group>";
		};
		1FB778BB1915219F00DA89B9 /* Common */ = {
			isa = PBXGroup;
			children = (
				1FCCB5E3194436AB007183D3 /* UITableViewCell */,
				1FC523531936CADE0060D1BB /* PFRoundedImageView.h */,
				1FC523541936CADF0060D1BB /* PFRoundedImageView.m */,
				1FBB62AB1935E6C5001281F9 /* UIImage+Resize.h */,
				1FBB62AC1935E6C5001281F9 /* UIImage+Resize.m */,
				1FCEC10619452178001093F7 /* PFUser+Additions.h */,
				1FCEC10719452178001093F7 /* PFUser+Additions.m */,
				1FC8E2311934917500DB7D5A /* LUPlaceholderTextView.h */,
				1FC8E2321934917500DB7D5A /* LUPlaceholderTextView.m */,
				1F74CC83194465D70008D14B /* LUTimeFormatter.h */,
				1F74CC84194465D70008D14B /* LUTimeFormatter.m */,
			);
			name = Common;
			sourceTree = "<group>";
		};
		1FC52356193712D50060D1BB /* CommonView */ = {
			isa = PBXGroup;
			children = (
				1FC523571937133A0060D1BB /* QuestionDetailViewController.h */,
				1FC523581937133A0060D1BB /* QuestionDetailViewController.m */,
				1FD3C7A219132E7E00700B83 /* EditQuestionViewController.h */,
				1FD3C7A319132E7E00700B83 /* EditQuestionViewController.m */,
				1F83B8DB191A2B6D004CD869 /* EditAnswerViewController.h */,
				1F83B8DC191A2B6D004CD869 /* EditAnswerViewController.m */,
			);
			name = CommonView;
			sourceTree = "<group>";
		};
		1FC712151912439D004F9E2A /* Model */ = {
			isa = PBXGroup;
			children = (
				1FCCA8CA190BE97200B4E3B7 /* SuperProfile.xcdatamodeld */,
			);
			name = Model;
			sourceTree = "<group>";
		};
		1FC71216191243AD004F9E2A /* Resources */ = {
			isa = PBXGroup;
			children = (
				1FDF88841920753900142791 /* person@2x.png */,
				1FDF88851920753900142791 /* person.png */,
				1FCD5D411921FC5600784175 /* home@2x.png */,
				1FCD5D421921FC5600784175 /* home.png */,
				1FCCB5DF19440DDB007183D3 /* question.png */,
				1FCCB5E019440DDB007183D3 /* question@2x.png */,
				1FCCA8D3190BE97A00B4E3B7 /* Images.xcassets */,
				1FC7121B19124561004F9E2A /* Localizable.strings */,
			);
			name = Resources;
			sourceTree = "<group>";
		};
		1FC7122519124A38004F9E2A /* ViewControllers */ = {
			isa = PBXGroup;
			children = (
				1FB778BB1915219F00DA89B9 /* Common */,
				1FC52356193712D50060D1BB /* CommonView */,
				1F257BF719419A9E00ECAD0D /* TimeLineTab */,
				1FC84525193310AA00909231 /* RecommendQuestionTab */,
				1FC845241933108F00909231 /* ProfileViewTab */,
			);
			name = ViewControllers;
			sourceTree = "<group>";
		};
		1FC845241933108F00909231 /* ProfileViewTab */ = {
			isa = PBXGroup;
			children = (
				1FB62CB2191B8B210039D69D /* ProfileViewController.h */,
				1FB62CB3191B8B210039D69D /* ProfileViewController.m */,
				1FDF8888192108EB00142791 /* UserListViewController.h */,
				1FDF8889192108EB00142791 /* UserListViewController.m */,
				1FC845211933107300909231 /* EditProfileViewController.h */,
				1FC845221933107300909231 /* EditProfileViewController.m */,
			);
			name = ProfileViewTab;
			sourceTree = "<group>";
		};
		1FC84525193310AA00909231 /* RecommendQuestionTab */ = {
			isa = PBXGroup;
			children = (
				1FC712201912496E004F9E2A /* RecommendQuestionViewController.h */,
				1FC712211912496E004F9E2A /* RecommendQuestionViewController.m */,
			);
			name = RecommendQuestionTab;
			sourceTree = "<group>";
		};
		1FCCA8A7190BE95C00B4E3B7 = {
			isa = PBXGroup;
			children = (
				1FCCA8BB190BE96300B4E3B7 /* SuperProfile */,
				1FCCA8E1190BE97B00B4E3B7 /* SuperProfileTests */,
				1FCCA8B2190BE96300B4E3B7 /* Frameworks */,
				1FCCA8B1190BE96300B4E3B7 /* Products */,
				1616678DB55E409AB7B11754 /* Pods.xcconfig */,
			);
			sourceTree = "<group>";
		};
		1FCCA8B1190BE96300B4E3B7 /* Products */ = {
			isa = PBXGroup;
			children = (
				1FCCA8B0190BE96300B4E3B7 /* SuperProfile.app */,
				1FCCA8D9190BE97B00B4E3B7 /* SuperProfileTests.xctest */,
			);
			name = Products;
			sourceTree = "<group>";
		};
		1FCCA8B2190BE96300B4E3B7 /* Frameworks */ = {
			isa = PBXGroup;
			children = (
				1FC439AD190CA4AB00D4F3D1 /* SystemConfiguration.framework */,
				1FC439A9190CA49700D4F3D1 /* Security.framework */,
				1FC439A7190CA48D00D4F3D1 /* QuartzCore.framework */,
				1FC439A5190CA48700D4F3D1 /* MobileCoreServices.framework */,
				1FC439A3190CA47E00D4F3D1 /* libz.dylib */,
				1FC439A1190CA46E00D4F3D1 /* CoreLocation.framework */,
				1FC4399F190CA45700D4F3D1 /* CFNetwork.framework */,
				1FC4399D190CA45100D4F3D1 /* AudioToolbox.framework */,
				1FC4399B190CA3E400D4F3D1 /* Parse.framework */,
				1FCCA8B3190BE96300B4E3B7 /* Foundation.framework */,
				1FCCA8B5190BE96300B4E3B7 /* CoreGraphics.framework */,
				1FCCA8B7190BE96300B4E3B7 /* UIKit.framework */,
				1FCCA8B9190BE96300B4E3B7 /* CoreData.framework */,
				1FCCA8DA190BE97B00B4E3B7 /* XCTest.framework */,
				B53BA30D517B4AA9A22C9DC0 /* libPods.a */,
			);
			name = Frameworks;
			sourceTree = "<group>";
		};
		1FCCA8BB190BE96300B4E3B7 /* SuperProfile */ = {
			isa = PBXGroup;
			children = (
				1FCCA8C4190BE96700B4E3B7 /* AppDelegate.h */,
				1FCCA8C5190BE96900B4E3B7 /* AppDelegate.m */,
				1FCCA8C7190BE96E00B4E3B7 /* Main.storyboard */,
				1FC7122519124A38004F9E2A /* ViewControllers */,
				1FC712151912439D004F9E2A /* Model */,
				1FCCA8BC190BE96500B4E3B7 /* Supporting Files */,
				1FC71216191243AD004F9E2A /* Resources */,
			);
			path = SuperProfile;
			sourceTree = "<group>";
		};
		1FCCA8BC190BE96500B4E3B7 /* Supporting Files */ = {
			isa = PBXGroup;
			children = (
				1FCCA8BD190BE96600B4E3B7 /* SuperProfile-Info.plist */,
				1FCCA8BE190BE96600B4E3B7 /* InfoPlist.strings */,
				1FB851EA191F127800433E5F /* LUConstants.h */,
				1FB851EB191F127800433E5F /* LUConstants.m */,
				1FBD7F7A19230AA000F92341 /* LUUtility.h */,
				1FBD7F7B19230AA000F92341 /* LUUtility.m */,
				1FCCA8C1190BE96600B4E3B7 /* main.m */,
				1FCCA8C3190BE96600B4E3B7 /* SuperProfile-Prefix.pch */,
			);
			name = "Supporting Files";
			sourceTree = "<group>";
		};
		1FCCA8E1190BE97B00B4E3B7 /* SuperProfileTests */ = {
			isa = PBXGroup;
			children = (
				1FCCA8E7190BE97B00B4E3B7 /* SuperProfileTests.m */,
				1FCCA8E2190BE97B00B4E3B7 /* Supporting Files */,
			);
			path = SuperProfileTests;
			sourceTree = "<group>";
		};
		1FCCA8E2190BE97B00B4E3B7 /* Supporting Files */ = {
			isa = PBXGroup;
			children = (
				1FCCA8E3190BE97B00B4E3B7 /* SuperProfileTests-Info.plist */,
				1FCCA8E4190BE97B00B4E3B7 /* InfoPlist.strings */,
			);
			name = "Supporting Files";
			sourceTree = "<group>";
		};
		1FCCB5E3194436AB007183D3 /* UITableViewCell */ = {
			isa = PBXGroup;
			children = (
				1FCCB5E4194436F8007183D3 /* AnswerCell.h */,
				1FCCB5E5194436F8007183D3 /* AnswerCell.m */,
			);
			name = UITableViewCell;
			sourceTree = "<group>";
		};
/* End PBXGroup section */

/* Begin PBXNativeTarget section */
		1FCCA8AF190BE96200B4E3B7 /* SuperProfile */ = {
			isa = PBXNativeTarget;
			buildConfigurationList = 1FCCA8EB190BE97B00B4E3B7 /* Build configuration list for PBXNativeTarget "SuperProfile" */;
			buildPhases = (
				A34D1A8D905841B396E22452 /* Check Pods Manifest.lock */,
				1FCCA8AC190BE96200B4E3B7 /* Sources */,
				1FCCA8AD190BE96200B4E3B7 /* Frameworks */,
				1FCCA8AE190BE96200B4E3B7 /* Resources */,
				3BEDB2580CB54AAC8AE4D489 /* Copy Pods Resources */,
			);
			buildRules = (
			);
			dependencies = (
			);
			name = SuperProfile;
			productName = SuperProfile;
			productReference = 1FCCA8B0190BE96300B4E3B7 /* SuperProfile.app */;
			productType = "com.apple.product-type.application";
		};
		1FCCA8D8190BE97B00B4E3B7 /* SuperProfileTests */ = {
			isa = PBXNativeTarget;
			buildConfigurationList = 1FCCA8EE190BE97B00B4E3B7 /* Build configuration list for PBXNativeTarget "SuperProfileTests" */;
			buildPhases = (
				1FCCA8D5190BE97B00B4E3B7 /* Sources */,
				1FCCA8D6190BE97B00B4E3B7 /* Frameworks */,
				1FCCA8D7190BE97B00B4E3B7 /* Resources */,
			);
			buildRules = (
			);
			dependencies = (
				1FCCA8E0190BE97B00B4E3B7 /* PBXTargetDependency */,
			);
			name = SuperProfileTests;
			productName = SuperProfileTests;
			productReference = 1FCCA8D9190BE97B00B4E3B7 /* SuperProfileTests.xctest */;
			productType = "com.apple.product-type.bundle.unit-test";
		};
/* End PBXNativeTarget section */

/* Begin PBXProject section */
		1FCCA8A8190BE95D00B4E3B7 /* Project object */ = {
			isa = PBXProject;
			attributes = {
				LastUpgradeCheck = 0510;
				ORGANIZATIONNAME = "LvUP Inc.";
				TargetAttributes = {
					1FCCA8AF190BE96200B4E3B7 = {
						DevelopmentTeam = 7W7BBEVAYM;
						SystemCapabilities = {
							com.apple.InAppPurchase = {
								enabled = 0;
							};
						};
					};
					1FCCA8D8190BE97B00B4E3B7 = {
						TestTargetID = 1FCCA8AF190BE96200B4E3B7;
					};
				};
			};
			buildConfigurationList = 1FCCA8AB190BE95F00B4E3B7 /* Build configuration list for PBXProject "SuperProfile" */;
			compatibilityVersion = "Xcode 3.2";
			developmentRegion = English;
			hasScannedForEncodings = 0;
			knownRegions = (
				en,
				Base,
				ja,
			);
			mainGroup = 1FCCA8A7190BE95C00B4E3B7;
			productRefGroup = 1FCCA8B1190BE96300B4E3B7 /* Products */;
			projectDirPath = "";
			projectRoot = "";
			targets = (
				1FCCA8AF190BE96200B4E3B7 /* SuperProfile */,
				1FCCA8D8190BE97B00B4E3B7 /* SuperProfileTests */,
			);
		};
/* End PBXProject section */

/* Begin PBXResourcesBuildPhase section */
		1FCCA8AE190BE96200B4E3B7 /* Resources */ = {
			isa = PBXResourcesBuildPhase;
			buildActionMask = 2147483647;
			files = (
				1FDF88871920753900142791 /* person.png in Resources */,
				1FCCB5E119440DDB007183D3 /* question.png in Resources */,
				1FCCB5E219440DDB007183D3 /* question@2x.png in Resources */,
				1FDF88861920753900142791 /* person@2x.png in Resources */,
				1FCCA8D4190BE97A00B4E3B7 /* Images.xcassets in Resources */,
				1FC7121919124561004F9E2A /* Localizable.strings in Resources */,
				1FCD5D441921FC5600784175 /* home.png in Resources */,
				1FCCA8C0190BE96600B4E3B7 /* InfoPlist.strings in Resources */,
				1FCD5D431921FC5600784175 /* home@2x.png in Resources */,
				1FCCA8C9190BE96E00B4E3B7 /* Main.storyboard in Resources */,
			);
			runOnlyForDeploymentPostprocessing = 0;
		};
		1FCCA8D7190BE97B00B4E3B7 /* Resources */ = {
			isa = PBXResourcesBuildPhase;
			buildActionMask = 2147483647;
			files = (
				1FCCA8E6190BE97B00B4E3B7 /* InfoPlist.strings in Resources */,
			);
			runOnlyForDeploymentPostprocessing = 0;
		};
/* End PBXResourcesBuildPhase section */

/* Begin PBXShellScriptBuildPhase section */
		3BEDB2580CB54AAC8AE4D489 /* Copy Pods Resources */ = {
			isa = PBXShellScriptBuildPhase;
			buildActionMask = 2147483647;
			files = (
			);
			inputPaths = (
			);
			name = "Copy Pods Resources";
			outputPaths = (
			);
			runOnlyForDeploymentPostprocessing = 0;
			shellPath = /bin/sh;
			shellScript = "\"${SRCROOT}/Pods/Pods-resources.sh\"\n";
			showEnvVarsInLog = 0;
		};
		A34D1A8D905841B396E22452 /* Check Pods Manifest.lock */ = {
			isa = PBXShellScriptBuildPhase;
			buildActionMask = 2147483647;
			files = (
			);
			inputPaths = (
			);
			name = "Check Pods Manifest.lock";
			outputPaths = (
			);
			runOnlyForDeploymentPostprocessing = 0;
			shellPath = /bin/sh;
			shellScript = "diff \"${PODS_ROOT}/../Podfile.lock\" \"${PODS_ROOT}/Manifest.lock\" > /dev/null\nif [[ $? != 0 ]] ; then\n    cat << EOM\nerror: The sandbox is not in sync with the Podfile.lock. Run 'pod install' or update your CocoaPods installation.\nEOM\n    exit 1\nfi\n";
			showEnvVarsInLog = 0;
		};
/* End PBXShellScriptBuildPhase section */

/* Begin PBXSourcesBuildPhase section */
		1FCCA8AC190BE96200B4E3B7 /* Sources */ = {
			isa = PBXSourcesBuildPhase;
			buildActionMask = 2147483647;
			files = (
				1F74CC85194465D70008D14B /* LUTimeFormatter.m in Sources */,
				1FC523591937133A0060D1BB /* QuestionDetailViewController.m in Sources */,
				1FBD7F7C19230AA000F92341 /* LUUtility.m in Sources */,
				1FC845231933107300909231 /* EditProfileViewController.m in Sources */,
				1FC712221912496E004F9E2A /* RecommendQuestionViewController.m in Sources */,
				1FD3C7A419132E7E00700B83 /* EditQuestionViewController.m in Sources */,
				1FB62CB4191B8B210039D69D /* ProfileViewController.m in Sources */,
				1FDF888A192108EB00142791 /* UserListViewController.m in Sources */,
				1FCCB5E6194436F8007183D3 /* AnswerCell.m in Sources */,
				1FCEC10819452178001093F7 /* PFUser+Additions.m in Sources */,
				1FB851EC191F127800433E5F /* LUConstants.m in Sources */,
				1FCCA8C6190BE96900B4E3B7 /* AppDelegate.m in Sources */,
				1FCCA8CC190BE97600B4E3B7 /* SuperProfile.xcdatamodeld in Sources */,
				1F83B8DD191A2B6D004CD869 /* EditAnswerViewController.m in Sources */,
				1FC523551936CADF0060D1BB /* PFRoundedImageView.m in Sources */,
				1FBB62AD1935E6C5001281F9 /* UIImage+Resize.m in Sources */,
				1FC8E2331934917500DB7D5A /* LUPlaceholderTextView.m in Sources */,
				1FCCA8C2190BE96600B4E3B7 /* main.m in Sources */,
				1F257BFA19419AF600ECAD0D /* AnswerTimelineViewController.m in Sources */,
			);
			runOnlyForDeploymentPostprocessing = 0;
		};
		1FCCA8D5190BE97B00B4E3B7 /* Sources */ = {
			isa = PBXSourcesBuildPhase;
			buildActionMask = 2147483647;
			files = (
				1FCCA8E8190BE97B00B4E3B7 /* SuperProfileTests.m in Sources */,
			);
			runOnlyForDeploymentPostprocessing = 0;
		};
/* End PBXSourcesBuildPhase section */

/* Begin PBXTargetDependency section */
		1FCCA8E0190BE97B00B4E3B7 /* PBXTargetDependency */ = {
			isa = PBXTargetDependency;
			target = 1FCCA8AF190BE96200B4E3B7 /* SuperProfile */;
			targetProxy = 1FCCA8DF190BE97B00B4E3B7 /* PBXContainerItemProxy */;
		};
/* End PBXTargetDependency section */

/* Begin PBXVariantGroup section */
		1FC7121B19124561004F9E2A /* Localizable.strings */ = {
			isa = PBXVariantGroup;
			children = (
				1FC7121E19124686004F9E2A /* en */,
				1FC7121F191246A1004F9E2A /* ja */,
			);
			name = Localizable.strings;
			sourceTree = "<group>";
		};
		1FCCA8BE190BE96600B4E3B7 /* InfoPlist.strings */ = {
			isa = PBXVariantGroup;
			children = (
				1FCCA8BF190BE96600B4E3B7 /* en */,
			);
			name = InfoPlist.strings;
			sourceTree = "<group>";
		};
		1FCCA8C7190BE96E00B4E3B7 /* Main.storyboard */ = {
			isa = PBXVariantGroup;
			children = (
				1FCCA8C8190BE96E00B4E3B7 /* Base */,
			);
			name = Main.storyboard;
			sourceTree = "<group>";
		};
		1FCCA8E4190BE97B00B4E3B7 /* InfoPlist.strings */ = {
			isa = PBXVariantGroup;
			children = (
				1FCCA8E5190BE97B00B4E3B7 /* en */,
			);
			name = InfoPlist.strings;
			sourceTree = "<group>";
		};
/* End PBXVariantGroup section */

/* Begin XCBuildConfiguration section */
		1FCCA8E9190BE97B00B4E3B7 /* Debug */ = {
			isa = XCBuildConfiguration;
			buildSettings = {
				ALWAYS_SEARCH_USER_PATHS = NO;
				CLANG_CXX_LANGUAGE_STANDARD = "gnu++0x";
				CLANG_CXX_LIBRARY = "libc++";
				CLANG_ENABLE_MODULES = YES;
				CLANG_ENABLE_OBJC_ARC = YES;
				CLANG_WARN_BOOL_CONVERSION = YES;
				CLANG_WARN_CONSTANT_CONVERSION = YES;
				CLANG_WARN_DIRECT_OBJC_ISA_USAGE = YES_ERROR;
				CLANG_WARN_EMPTY_BODY = YES;
				CLANG_WARN_ENUM_CONVERSION = YES;
				CLANG_WARN_INT_CONVERSION = YES;
				CLANG_WARN_OBJC_ROOT_CLASS = YES_ERROR;
				CLANG_WARN__DUPLICATE_METHOD_MATCH = YES;
				"CODE_SIGN_IDENTITY[sdk=iphoneos*]" = "iPhone Developer";
				COPY_PHASE_STRIP = NO;
				GCC_C_LANGUAGE_STANDARD = gnu99;
				GCC_DYNAMIC_NO_PIC = NO;
				GCC_OPTIMIZATION_LEVEL = 0;
				GCC_PREPROCESSOR_DEFINITIONS = (
					"DEBUG=1",
					"$(inherited)",
				);
				GCC_SYMBOLS_PRIVATE_EXTERN = NO;
				GCC_WARN_64_TO_32_BIT_CONVERSION = YES;
				GCC_WARN_ABOUT_RETURN_TYPE = YES_ERROR;
				GCC_WARN_UNDECLARED_SELECTOR = YES;
				GCC_WARN_UNINITIALIZED_AUTOS = YES_AGGRESSIVE;
				GCC_WARN_UNUSED_FUNCTION = YES;
				GCC_WARN_UNUSED_VARIABLE = YES;
				IPHONEOS_DEPLOYMENT_TARGET = 7.1;
				ONLY_ACTIVE_ARCH = YES;
				SDKROOT = iphoneos;
			};
			name = Debug;
		};
		1FCCA8EA190BE97B00B4E3B7 /* Release */ = {
			isa = XCBuildConfiguration;
			buildSettings = {
				ALWAYS_SEARCH_USER_PATHS = NO;
				CLANG_CXX_LANGUAGE_STANDARD = "gnu++0x";
				CLANG_CXX_LIBRARY = "libc++";
				CLANG_ENABLE_MODULES = YES;
				CLANG_ENABLE_OBJC_ARC = YES;
				CLANG_WARN_BOOL_CONVERSION = YES;
				CLANG_WARN_CONSTANT_CONVERSION = YES;
				CLANG_WARN_DIRECT_OBJC_ISA_USAGE = YES_ERROR;
				CLANG_WARN_EMPTY_BODY = YES;
				CLANG_WARN_ENUM_CONVERSION = YES;
				CLANG_WARN_INT_CONVERSION = YES;
				CLANG_WARN_OBJC_ROOT_CLASS = YES_ERROR;
				CLANG_WARN__DUPLICATE_METHOD_MATCH = YES;
				"CODE_SIGN_IDENTITY[sdk=iphoneos*]" = "iPhone Developer";
				COPY_PHASE_STRIP = YES;
				ENABLE_NS_ASSERTIONS = NO;
				GCC_C_LANGUAGE_STANDARD = gnu99;
				GCC_WARN_64_TO_32_BIT_CONVERSION = YES;
				GCC_WARN_ABOUT_RETURN_TYPE = YES_ERROR;
				GCC_WARN_UNDECLARED_SELECTOR = YES;
				GCC_WARN_UNINITIALIZED_AUTOS = YES_AGGRESSIVE;
				GCC_WARN_UNUSED_FUNCTION = YES;
				GCC_WARN_UNUSED_VARIABLE = YES;
				IPHONEOS_DEPLOYMENT_TARGET = 7.1;
				SDKROOT = iphoneos;
				VALIDATE_PRODUCT = YES;
			};
			name = Release;
		};
		1FCCA8EC190BE97B00B4E3B7 /* Debug */ = {
			isa = XCBuildConfiguration;
			baseConfigurationReference = 1616678DB55E409AB7B11754 /* Pods.xcconfig */;
			buildSettings = {
				ARCHS = "$(ARCHS_STANDARD)";
				ASSETCATALOG_COMPILER_APPICON_NAME = AppIcon;
				ASSETCATALOG_COMPILER_LAUNCHIMAGE_NAME = LaunchImage;
				CODE_SIGN_IDENTITY = "iPhone Developer";
				"CODE_SIGN_IDENTITY[sdk=iphoneos*]" = "iPhone Developer";
				FRAMEWORK_SEARCH_PATHS = (
					"$(inherited)",
					"$(PROJECT_DIR)",
				);
				GCC_PRECOMPILE_PREFIX_HEADER = YES;
				GCC_PREFIX_HEADER = "SuperProfile/SuperProfile-Prefix.pch";
				INFOPLIST_FILE = "SuperProfile/SuperProfile-Info.plist";
				PRODUCT_NAME = "$(TARGET_NAME)";
				PROVISIONING_PROFILE = "";
				WRAPPER_EXTENSION = app;
			};
			name = Debug;
		};
		1FCCA8ED190BE97B00B4E3B7 /* Release */ = {
			isa = XCBuildConfiguration;
			baseConfigurationReference = 1616678DB55E409AB7B11754 /* Pods.xcconfig */;
			buildSettings = {
				ARCHS = "$(ARCHS_STANDARD)";
				ASSETCATALOG_COMPILER_APPICON_NAME = AppIcon;
				ASSETCATALOG_COMPILER_LAUNCHIMAGE_NAME = LaunchImage;
				CODE_SIGN_IDENTITY = "iPhone Developer";
				"CODE_SIGN_IDENTITY[sdk=iphoneos*]" = "iPhone Developer";
				FRAMEWORK_SEARCH_PATHS = (
					"$(inherited)",
					"$(PROJECT_DIR)",
				);
				GCC_PRECOMPILE_PREFIX_HEADER = YES;
				GCC_PREFIX_HEADER = "SuperProfile/SuperProfile-Prefix.pch";
				INFOPLIST_FILE = "SuperProfile/SuperProfile-Info.plist";
				PRODUCT_NAME = "$(TARGET_NAME)";
				PROVISIONING_PROFILE = "";
				WRAPPER_EXTENSION = app;
			};
			name = Release;
		};
		1FCCA8EF190BE97B00B4E3B7 /* Debug */ = {
			isa = XCBuildConfiguration;
			buildSettings = {
				BUNDLE_LOADER = "$(BUILT_PRODUCTS_DIR)/SuperProfile.app/SuperProfile";
				FRAMEWORK_SEARCH_PATHS = (
					"$(SDKROOT)/Developer/Library/Frameworks",
					"$(inherited)",
					"$(DEVELOPER_FRAMEWORKS_DIR)",
				);
				GCC_PRECOMPILE_PREFIX_HEADER = YES;
				GCC_PREFIX_HEADER = "SuperProfile/SuperProfile-Prefix.pch";
				GCC_PREPROCESSOR_DEFINITIONS = (
					"DEBUG=1",
					"$(inherited)",
				);
				INFOPLIST_FILE = "SuperProfileTests/SuperProfileTests-Info.plist";
				PRODUCT_NAME = "$(TARGET_NAME)";
				TEST_HOST = "$(BUNDLE_LOADER)";
				WRAPPER_EXTENSION = xctest;
			};
			name = Debug;
		};
		1FCCA8F0190BE97B00B4E3B7 /* Release */ = {
			isa = XCBuildConfiguration;
			buildSettings = {
				BUNDLE_LOADER = "$(BUILT_PRODUCTS_DIR)/SuperProfile.app/SuperProfile";
				FRAMEWORK_SEARCH_PATHS = (
					"$(SDKROOT)/Developer/Library/Frameworks",
					"$(inherited)",
					"$(DEVELOPER_FRAMEWORKS_DIR)",
				);
				GCC_PRECOMPILE_PREFIX_HEADER = YES;
				GCC_PREFIX_HEADER = "SuperProfile/SuperProfile-Prefix.pch";
				INFOPLIST_FILE = "SuperProfileTests/SuperProfileTests-Info.plist";
				PRODUCT_NAME = "$(TARGET_NAME)";
				TEST_HOST = "$(BUNDLE_LOADER)";
				WRAPPER_EXTENSION = xctest;
			};
			name = Release;
		};
/* End XCBuildConfiguration section */

/* Begin XCConfigurationList section */
		1FCCA8AB190BE95F00B4E3B7 /* Build configuration list for PBXProject "SuperProfile" */ = {
			isa = XCConfigurationList;
			buildConfigurations = (
				1FCCA8E9190BE97B00B4E3B7 /* Debug */,
				1FCCA8EA190BE97B00B4E3B7 /* Release */,
			);
			defaultConfigurationIsVisible = 0;
			defaultConfigurationName = Release;
		};
		1FCCA8EB190BE97B00B4E3B7 /* Build configuration list for PBXNativeTarget "SuperProfile" */ = {
			isa = XCConfigurationList;
			buildConfigurations = (
				1FCCA8EC190BE97B00B4E3B7 /* Debug */,
				1FCCA8ED190BE97B00B4E3B7 /* Release */,
			);
			defaultConfigurationIsVisible = 0;
			defaultConfigurationName = Release;
		};
		1FCCA8EE190BE97B00B4E3B7 /* Build configuration list for PBXNativeTarget "SuperProfileTests" */ = {
			isa = XCConfigurationList;
			buildConfigurations = (
				1FCCA8EF190BE97B00B4E3B7 /* Debug */,
				1FCCA8F0190BE97B00B4E3B7 /* Release */,
			);
			defaultConfigurationIsVisible = 0;
			defaultConfigurationName = Release;
		};
/* End XCConfigurationList section */

/* Begin XCVersionGroup section */
		1FCCA8CA190BE97200B4E3B7 /* SuperProfile.xcdatamodeld */ = {
			isa = XCVersionGroup;
			children = (
				1FCCA8CB190BE97200B4E3B7 /* SuperProfile.xcdatamodel */,
			);
			currentVersion = 1FCCA8CB190BE97200B4E3B7 /* SuperProfile.xcdatamodel */;
			path = SuperProfile.xcdatamodeld;
			sourceTree = "<group>";
			versionGroupType = wrapper.xcdatamodel;
		};
/* End XCVersionGroup section */
	};
	rootObject = 1FCCA8A8190BE95D00B4E3B7 /* Project object */;
}
