PODS:
  - CTFeedback (1.0.11)
  - Facebook-iOS-SDK (3.13.1)
  - FormatterKit (1.4.3):
    - FormatterKit/AddressFormatter
    - FormatterKit/ArrayFormatter
    - FormatterKit/ColorFormatter
    - FormatterKit/LocationFormatter
    - FormatterKit/OrdinalNumberFormatter
    - FormatterKit/TimeIntervalFormatter
    - FormatterKit/UnitOfInformationFormatter
    - FormatterKit/URLRequestFormatter
  - FormatterKit/AddressFormatter (1.4.3)
  - FormatterKit/ArrayFormatter (1.4.3)
  - FormatterKit/ColorFormatter (1.4.3)
  - FormatterKit/LocationFormatter (1.4.3)
  - FormatterKit/OrdinalNumberFormatter (1.4.3)
  - FormatterKit/TimeIntervalFormatter (1.4.3)
  - FormatterKit/UnitOfInformationFormatter (1.4.3)
  - FormatterKit/URLRequestFormatter (1.4.3)
  - GCPlaceholderTextView (1.0.1)
  - Google-Mobile-Ads-SDK (6.9.2)
  - GoogleAnalytics-iOS-SDK (3.0.3)
  - iRate (1.10.3)
  - MBProgressHUD (0.8)
  - MGImageUtilities (0.0.1)
  - Mixpanel (2.3.5)

DEPENDENCIES:
  - CTFeedback
  - Facebook-iOS-SDK
  - FormatterKit
  - GCPlaceholderTextView
  - Google-Mobile-Ads-SDK
  - GoogleAnalytics-iOS-SDK (= 3.0.3)
  - iRate
  - MBProgressHUD
  - MGImageUtilities
  - Mixpanel

SPEC CHECKSUMS:
  CTFeedback: c7785d8d482f821bf997f552a7cfdef66f86e984
  Facebook-iOS-SDK: bc0d0bdf14f64cb7f4d49f8f17d445f49c40d342
  FormatterKit: f744aa7928003eba8317d6fd6998414fbc78f7a5
  GCPlaceholderTextView: d48f3558c8d71daaae65679275075592ca13e1c8
  Google-Mobile-Ads-SDK: da74aff80d80e7451a24ab76dd422fad29911230
  GoogleAnalytics-iOS-SDK: ee5322bf919d731d34ff3c8d891301e8f1e0e873
  iRate: 40ebea2bb1e88866cef7393bd0abeae232cc5d38
  MBProgressHUD: c356980b0cd097f19acec959b49dca5eb8ec31be
  MGImageUtilities: 2dd1872bfb5d241f894bfb78286b05bb74005ef6
  Mixpanel: 73ab2e90b651fee096a16448004df39ca535cd72

COCOAPODS: 0.32.1
